// !$*UTF8*$!
{
	archiveVersion = 1;
	classes = {
	};
	objectVersion = 51;
	objects = {

/* Begin PBXBuildFile section */
		0A05AFA424E6B1BE008E3275 /* XMDataManager.mm in Sources */ = {isa = PBXBuildFile; fileRef = 0A05AFA224E6B1BD008E3275 /* XMDataManager.mm */; };
		0A05AFA724E6B250008E3275 /* NSDate+Extension.m in Sources */ = {isa = PBXBuildFile; fileRef = 0A05AFA524E6B24E008E3275 /* NSDate+Extension.m */; };
		0A10B9292262E69B00E56D4C /* yuel.jpg in Resources */ = {isa = PBXBuildFile; fileRef = 0A10B9282262E69B00E56D4C /* yuel.jpg */; };
		0A38B8EB222BAA1100ADD2A2 /* AppDelegate.m in Sources */ = {isa = PBXBuildFile; fileRef = 0A38B8EA222BAA1100ADD2A2 /* AppDelegate.m */; };
		0A38B8EE222BAA1100ADD2A2 /* RootViewController.m in Sources */ = {isa = PBXBuildFile; fileRef = 0A38B8ED222BAA1100ADD2A2 /* RootViewController.m */; };
		0A38B8F3222BAA1200ADD2A2 /* Assets.xcassets in Resources */ = {isa = PBXBuildFile; fileRef = 0A38B8F2222BAA1200ADD2A2 /* Assets.xcassets */; };
		0A38B8F6222BAA1200ADD2A2 /* LaunchScreen.storyboard in Resources */ = {isa = PBXBuildFile; fileRef = 0A38B8F4222BAA1200ADD2A2 /* LaunchScreen.storyboard */; };
		0A38B8F9222BAA1200ADD2A2 /* main.m in Sources */ = {isa = PBXBuildFile; fileRef = 0A38B8F8222BAA1200ADD2A2 /* main.m */; };
		0A38B903222BAA1300ADD2A2 /* DateInfoTests.m in Sources */ = {isa = PBXBuildFile; fileRef = 0A38B902222BAA1300ADD2A2 /* DateInfoTests.m */; };
		0A5218CB224E523100256157 /* ShouWenzhanViewController.m in Sources */ = {isa = PBXBuildFile; fileRef = 0A5218CA224E523100256157 /* ShouWenzhanViewController.m */; };
		0A8A67892233EB12001D270B /* NSDate+Utilities.m in Sources */ = {isa = PBXBuildFile; fileRef = 0A8A677D2233EB10001D270B /* NSDate+Utilities.m */; };
		0A8A678A2233EB12001D270B /* NSDate+Formatter.m in Sources */ = {isa = PBXBuildFile; fileRef = 0A8A677E2233EB11001D270B /* NSDate+Formatter.m */; };
		0A8A678B2233EB12001D270B /* NSDate+Extension.m in Sources */ = {isa = PBXBuildFile; fileRef = 0A8A67812233EB11001D270B /* NSDate+Extension.m */; };
		0A8A678C2233EB12001D270B /* NSDate+CupertinoYankee.m in Sources */ = {isa = PBXBuildFile; fileRef = 0A8A67832233EB11001D270B /* NSDate+CupertinoYankee.m */; };
		0A8A678D2233EB12001D270B /* NSDate+Reporting.m in Sources */ = {isa = PBXBuildFile; fileRef = 0A8A67852233EB11001D270B /* NSDate+Reporting.m */; };
		0A8A678E2233EB12001D270B /* NSDate+InternetDateTime.m in Sources */ = {isa = PBXBuildFile; fileRef = 0A8A67882233EB12001D270B /* NSDate+InternetDateTime.m */; };
		0A8A679122340ACB001D270B /* ShowRijiViewController.m in Sources */ = {isa = PBXBuildFile; fileRef = 0A8A679022340ACB001D270B /* ShowRijiViewController.m */; };
		0A8A938C224F58870007A1C3 /* book.json in Resources */ = {isa = PBXBuildFile; fileRef = 0A8A938A224F58870007A1C3 /* book.json */; };
		0A8A938D224F58870007A1C3 /* say.json in Resources */ = {isa = PBXBuildFile; fileRef = 0A8A938B224F58870007A1C3 /* say.json */; };
		0A8A9394224F5C5C0007A1C3 /* WenzhanManager.m in Sources */ = {isa = PBXBuildFile; fileRef = 0A8A9392224F5C5C0007A1C3 /* WenzhanManager.m */; };
		0A8A9398224F5E130007A1C3 /* LaunchImageView.m in Sources */ = {isa = PBXBuildFile; fileRef = 0A8A9397224F5E130007A1C3 /* LaunchImageView.m */; };
		0A8A939B224F8BE80007A1C3 /* AboutViewController.m in Sources */ = {isa = PBXBuildFile; fileRef = 0A8A939A224F8BE80007A1C3 /* AboutViewController.m */; };
		0A8A939E224F8FA50007A1C3 /* JumpDateView.m in Sources */ = {isa = PBXBuildFile; fileRef = 0A8A939C224F8FA40007A1C3 /* JumpDateView.m */; };
		0A8A93A1224F90520007A1C3 /* BtnColumnView.m in Sources */ = {isa = PBXBuildFile; fileRef = 0A8A93A0224F90520007A1C3 /* BtnColumnView.m */; };
		0A8A93A4224FAAF60007A1C3 /* ImageCell.m in Sources */ = {isa = PBXBuildFile; fileRef = 0A8A93A3224FAAF60007A1C3 /* ImageCell.m */; };
		0A8A93A7224FBDE90007A1C3 /* RijiDetailViewController.m in Sources */ = {isa = PBXBuildFile; fileRef = 0A8A93A6224FBDE90007A1C3 /* RijiDetailViewController.m */; };
		0A8A93AA22505AA50007A1C3 /* RijiSectionView.m in Sources */ = {isa = PBXBuildFile; fileRef = 0A8A93A922505AA50007A1C3 /* RijiSectionView.m */; };
		0A8A93B1225077530007A1C3 /* StarsOverlay.swift in Sources */ = {isa = PBXBuildFile; fileRef = 0A8A93B0225077530007A1C3 /* StarsOverlay.swift */; };
		0A8A93B422508A7A0007A1C3 /* BaseViewController.m in Sources */ = {isa = PBXBuildFile; fileRef = 0A8A93B322508A7A0007A1C3 /* BaseViewController.m */; };
		0A9341D02256480600AC48FF /* NotificationCenter.framework in Frameworks */ = {isa = PBXBuildFile; fileRef = 0A9341CF2256480600AC48FF /* NotificationCenter.framework */; };
		0A9341D42256480600AC48FF /* TodayViewController.m in Sources */ = {isa = PBXBuildFile; fileRef = 0A9341D32256480600AC48FF /* TodayViewController.m */; };
		0A9341DB2256480600AC48FF /* DateToday.appex in Embed App Extensions */ = {isa = PBXBuildFile; fileRef = 0A9341CE2256480600AC48FF /* DateToday.appex */; settings = {ATTRIBUTES = (RemoveHeadersOnCopy, ); }; };
		0A9341E1225648B000AC48FF /* MainInterface.storyboard in Resources */ = {isa = PBXBuildFile; fileRef = 0A9341E0225648B000AC48FF /* MainInterface.storyboard */; };
		0A9341E322564A2900AC48FF /* Image.xcassets in Resources */ = {isa = PBXBuildFile; fileRef = 0A9341E222564A2900AC48FF /* Image.xcassets */; };
		0A9341E5225650C200AC48FF /* NSDate+Extension.m in Sources */ = {isa = PBXBuildFile; fileRef = 0A8A67812233EB11001D270B /* NSDate+Extension.m */; };
		0A9341E8225650E100AC48FF /* NSDate+Extension.m in Sources */ = {isa = PBXBuildFile; fileRef = 0A9341E7225650E100AC48FF /* NSDate+Extension.m */; };
		0A9341E9225650FF00AC48FF /* NSDate+Reporting.m in Sources */ = {isa = PBXBuildFile; fileRef = 0A8A67852233EB11001D270B /* NSDate+Reporting.m */; };
		0A9341EC2256511A00AC48FF /* NSDate+Reporting.m in Sources */ = {isa = PBXBuildFile; fileRef = 0A9341EB2256511A00AC48FF /* NSDate+Reporting.m */; };
		0ABC48E0223530F600799B4A /* RijiCell.m in Sources */ = {isa = PBXBuildFile; fileRef = 0ABC48DF223530F600799B4A /* RijiCell.m */; };
		0ACCD7C32247AE3600CC7E0D /* LunarFormatter.m in Sources */ = {isa = PBXBuildFile; fileRef = 0ACCD7C12247AE3600CC7E0D /* LunarFormatter.m */; };
		0ACCD7C62247B3C900CC7E0D /* BaseNavViewController.m in Sources */ = {isa = PBXBuildFile; fileRef = 0ACCD7C52247B3C900CC7E0D /* BaseNavViewController.m */; };
		0ACCD7CE2247B41100CC7E0D /* ParallaxHeaderView.m in Sources */ = {isa = PBXBuildFile; fileRef = 0ACCD7CA2247B41000CC7E0D /* ParallaxHeaderView.m */; };
		0ACCD7CF2247B41100CC7E0D /* UIImage+ImageEffects.m in Sources */ = {isa = PBXBuildFile; fileRef = 0ACCD7CB2247B41000CC7E0D /* UIImage+ImageEffects.m */; };
		0ACCD7D02247B41100CC7E0D /* SetViewController.m in Sources */ = {isa = PBXBuildFile; fileRef = 0ACCD7CD2247B41000CC7E0D /* SetViewController.m */; };
		0AD204322247BE780064F4E8 /* TSMessageView.m in Sources */ = {isa = PBXBuildFile; fileRef = 0AD2041A2247BE780064F4E8 /* TSMessageView.m */; };
		0AD204332247BE780064F4E8 /* TSBlurView.m in Sources */ = {isa = PBXBuildFile; fileRef = 0AD2041C2247BE780064F4E8 /* TSBlurView.m */; };
		0AD204342247BE780064F4E8 /* TSMessage.m in Sources */ = {isa = PBXBuildFile; fileRef = 0AD2041E2247BE780064F4E8 /* TSMessage.m */; };
		0AD204352247BE780064F4E8 /* NotificationBackgroundMessage.png in Resources */ = {isa = PBXBuildFile; fileRef = 0AD204212247BE780064F4E8 /* NotificationBackgroundMessage.png */; };
		0AD204362247BE780064F4E8 /* NotificationBackgroundWarning@2x.png in Resources */ = {isa = PBXBuildFile; fileRef = 0AD204222247BE780064F4E8 /* NotificationBackgroundWarning@2x.png */; };
		0AD204372247BE780064F4E8 /* NotificationBackgroundSuccess@2x.png in Resources */ = {isa = PBXBuildFile; fileRef = 0AD204232247BE780064F4E8 /* NotificationBackgroundSuccess@2x.png */; };
		0AD204382247BE780064F4E8 /* NotificationButtonBackground@2x.png in Resources */ = {isa = PBXBuildFile; fileRef = 0AD204242247BE780064F4E8 /* NotificationButtonBackground@2x.png */; };
		0AD204392247BE780064F4E8 /* NotificationBackgroundSuccess.png in Resources */ = {isa = PBXBuildFile; fileRef = 0AD204252247BE780064F4E8 /* NotificationBackgroundSuccess.png */; };
		0AD2043A2247BE780064F4E8 /* TSMessagesDefaultDesign.json in Resources */ = {isa = PBXBuildFile; fileRef = 0AD204262247BE780064F4E8 /* TSMessagesDefaultDesign.json */; };
		0AD2043B2247BE780064F4E8 /* NotificationBackgroundError.png in Resources */ = {isa = PBXBuildFile; fileRef = 0AD204272247BE780064F4E8 /* NotificationBackgroundError.png */; };
		0AD2043C2247BE780064F4E8 /* NotificationBackgroundMessage@2x.png in Resources */ = {isa = PBXBuildFile; fileRef = 0AD204282247BE780064F4E8 /* NotificationBackgroundMessage@2x.png */; };
		0AD2043D2247BE780064F4E8 /* NotificationBackgroundSuccessIcon.png in Resources */ = {isa = PBXBuildFile; fileRef = 0AD204292247BE780064F4E8 /* NotificationBackgroundSuccessIcon.png */; };
		0AD2043E2247BE780064F4E8 /* NotificationBackgroundSuccessIcon@2x.png in Resources */ = {isa = PBXBuildFile; fileRef = 0AD2042A2247BE780064F4E8 /* NotificationBackgroundSuccessIcon@2x.png */; };
		0AD2043F2247BE780064F4E8 /* NotificationBackgroundErrorIcon.png in Resources */ = {isa = PBXBuildFile; fileRef = 0AD2042B2247BE780064F4E8 /* NotificationBackgroundErrorIcon.png */; };
		0AD204402247BE780064F4E8 /* NotificationBackgroundError@2x.png in Resources */ = {isa = PBXBuildFile; fileRef = 0AD2042C2247BE780064F4E8 /* NotificationBackgroundError@2x.png */; };
		0AD204412247BE780064F4E8 /* NotificationBackgroundWarningIcon.png in Resources */ = {isa = PBXBuildFile; fileRef = 0AD2042D2247BE780064F4E8 /* NotificationBackgroundWarningIcon.png */; };
		0AD204422247BE780064F4E8 /* NotificationBackgroundWarningIcon@2x.png in Resources */ = {isa = PBXBuildFile; fileRef = 0AD2042E2247BE780064F4E8 /* NotificationBackgroundWarningIcon@2x.png */; };
		0AD204432247BE780064F4E8 /* NotificationBackgroundErrorIcon@2x.png in Resources */ = {isa = PBXBuildFile; fileRef = 0AD2042F2247BE780064F4E8 /* NotificationBackgroundErrorIcon@2x.png */; };
		0AD204442247BE780064F4E8 /* NotificationBackgroundWarning.png in Resources */ = {isa = PBXBuildFile; fileRef = 0AD204302247BE780064F4E8 /* NotificationBackgroundWarning.png */; };
		0AD204452247BE780064F4E8 /* NotificationButtonBackground.png in Resources */ = {isa = PBXBuildFile; fileRef = 0AD204312247BE780064F4E8 /* NotificationButtonBackground.png */; };
		0AD204482247C17A0064F4E8 /* HexColor.m in Sources */ = {isa = PBXBuildFile; fileRef = 0AD204472247C17A0064F4E8 /* HexColor.m */; };
		0AD2044A224911480064F4E8 /* date.json in Resources */ = {isa = PBXBuildFile; fileRef = 0AD20449224911480064F4E8 /* date.json */; };
		0AD2044D22491DAD0064F4E8 /* RijiYearViewController.m in Sources */ = {isa = PBXBuildFile; fileRef = 0AD2044C22491DAD0064F4E8 /* RijiYearViewController.m */; };
		0AD2045022491E360064F4E8 /* RijiManager.m in Sources */ = {isa = PBXBuildFile; fileRef = 0AD2044F22491E360064F4E8 /* RijiManager.m */; };
		0AD20456224A63CC0064F4E8 /* MRJCalendarWeekdayView.m in Sources */ = {isa = PBXBuildFile; fileRef = 0AD20455224A63CC0064F4E8 /* MRJCalendarWeekdayView.m */; };
		0AD20458224A6D700064F4E8 /* holiday.json in Resources */ = {isa = PBXBuildFile; fileRef = 0AD20457224A6D700064F4E8 /* holiday.json */; };
		0ADC844B223525A400A18C8C /* TestViewController.m in Sources */ = {isa = PBXBuildFile; fileRef = 0ADC844A223525A400A18C8C /* TestViewController.m */; };
		0AFB36012230172F001DD940 /* RiJiModel.mm in Sources */ = {isa = PBXBuildFile; fileRef = 0AFB35FA2230172F001DD940 /* RiJiModel.mm */; };
		0AFB36022230172F001DD940 /* FileManager.m in Sources */ = {isa = PBXBuildFile; fileRef = 0AFB35FD2230172F001DD940 /* FileManager.m */; };
		0AFB36032230172F001DD940 /* LanguageManger.m in Sources */ = {isa = PBXBuildFile; fileRef = 0AFB36002230172F001DD940 /* LanguageManger.m */; };
		0AFB36062233B28A001DD940 /* EditViewController.m in Sources */ = {isa = PBXBuildFile; fileRef = 0AFB36052233B28A001DD940 /* EditViewController.m */; };
		3ECFB66A6A84649C57CE4DE2 /* Pods_DateToday.framework in Frameworks */ = {isa = PBXBuildFile; fileRef = AAB1AC516BF6B0BF62C0B590 /* Pods_DateToday.framework */; };
		C8F846AA26317E6C0AA02DF3 /* Pods_DateInfo.framework in Frameworks */ = {isa = PBXBuildFile; fileRef = B4CFC9E3B60C1AB77E5AA1F2 /* Pods_DateInfo.framework */; };
/* End PBXBuildFile section */

/* Begin PBXContainerItemProxy section */
		0A38B8FF222BAA1300ADD2A2 /* PBXContainerItemProxy */ = {
			isa = PBXContainerItemProxy;
			containerPortal = 0A38B8DE222BAA1100ADD2A2 /* Project object */;
			proxyType = 1;
			remoteGlobalIDString = 0A38B8E5222BAA1100ADD2A2;
			remoteInfo = DateInfo;
		};
		0A9341D92256480600AC48FF /* PBXContainerItemProxy */ = {
			isa = PBXContainerItemProxy;
			containerPortal = 0A38B8DE222BAA1100ADD2A2 /* Project object */;
			proxyType = 1;
			remoteGlobalIDString = 0A9341CD2256480600AC48FF;
			remoteInfo = DateToday;
		};
/* End PBXContainerItemProxy section */

/* Begin PBXCopyFilesBuildPhase section */
		0A9341DF2256480600AC48FF /* Embed App Extensions */ = {
			isa = PBXCopyFilesBuildPhase;
			buildActionMask = 2147483647;
			dstPath = "";
			dstSubfolderSpec = 13;
			files = (
				0A9341DB2256480600AC48FF /* DateToday.appex in Embed App Extensions */,
			);
			name = "Embed App Extensions";
			runOnlyForDeploymentPostprocessing = 0;
		};
/* End PBXCopyFilesBuildPhase section */

/* Begin PBXFileReference section */
		0A05AFA224E6B1BD008E3275 /* XMDataManager.mm */ = {isa = PBXFileReference; fileEncoding = 4; lastKnownFileType = sourcecode.cpp.objcpp; path = XMDataManager.mm; sourceTree = "<group>"; };
		0A05AFA324E6B1BE008E3275 /* XMDataManager.h */ = {isa = PBXFileReference; fileEncoding = 4; lastKnownFileType = sourcecode.c.h; path = XMDataManager.h; sourceTree = "<group>"; };
		0A05AFA524E6B24E008E3275 /* NSDate+Extension.m */ = {isa = PBXFileReference; fileEncoding = 4; lastKnownFileType = sourcecode.c.objc; path = "NSDate+Extension.m"; sourceTree = "<group>"; };
		0A05AFA624E6B24F008E3275 /* NSDate+Extension.h */ = {isa = PBXFileReference; fileEncoding = 4; lastKnownFileType = sourcecode.c.h; path = "NSDate+Extension.h"; sourceTree = "<group>"; };
		0A10B9282262E69B00E56D4C /* yuel.jpg */ = {isa = PBXFileReference; lastKnownFileType = image.jpeg; path = yuel.jpg; sourceTree = "<group>"; };
		0A38B8E6222BAA1100ADD2A2 /* 七日.app */ = {isa = PBXFileReference; explicitFileType = wrapper.application; includeInIndex = 0; path = "七日.app"; sourceTree = BUILT_PRODUCTS_DIR; };
		0A38B8E9222BAA1100ADD2A2 /* AppDelegate.h */ = {isa = PBXFileReference; lastKnownFileType = sourcecode.c.h; path = AppDelegate.h; sourceTree = "<group>"; };
		0A38B8EA222BAA1100ADD2A2 /* AppDelegate.m */ = {isa = PBXFileReference; lastKnownFileType = sourcecode.c.objc; path = AppDelegate.m; sourceTree = "<group>"; };
		0A38B8EC222BAA1100ADD2A2 /* RootViewController.h */ = {isa = PBXFileReference; lastKnownFileType = sourcecode.c.h; path = RootViewController.h; sourceTree = "<group>"; };
		0A38B8ED222BAA1100ADD2A2 /* RootViewController.m */ = {isa = PBXFileReference; lastKnownFileType = sourcecode.c.objc; path = RootViewController.m; sourceTree = "<group>"; };
		0A38B8F2222BAA1200ADD2A2 /* Assets.xcassets */ = {isa = PBXFileReference; lastKnownFileType = folder.assetcatalog; path = Assets.xcassets; sourceTree = "<group>"; };
		0A38B8F5222BAA1200ADD2A2 /* Base */ = {isa = PBXFileReference; lastKnownFileType = file.storyboard; name = Base; path = Base.lproj/LaunchScreen.storyboard; sourceTree = "<group>"; };
		0A38B8F7222BAA1200ADD2A2 /* Info.plist */ = {isa = PBXFileReference; lastKnownFileType = text.plist.xml; path = Info.plist; sourceTree = "<group>"; };
		0A38B8F8222BAA1200ADD2A2 /* main.m */ = {isa = PBXFileReference; lastKnownFileType = sourcecode.c.objc; path = main.m; sourceTree = "<group>"; };
		0A38B8FE222BAA1300ADD2A2 /* DateInfoTests.xctest */ = {isa = PBXFileReference; explicitFileType = wrapper.cfbundle; includeInIndex = 0; path = DateInfoTests.xctest; sourceTree = BUILT_PRODUCTS_DIR; };
		0A38B902222BAA1300ADD2A2 /* DateInfoTests.m */ = {isa = PBXFileReference; lastKnownFileType = sourcecode.c.objc; path = DateInfoTests.m; sourceTree = "<group>"; };
		0A38B904222BAA1300ADD2A2 /* Info.plist */ = {isa = PBXFileReference; lastKnownFileType = text.plist.xml; path = Info.plist; sourceTree = "<group>"; };
		0A5218C9224E523100256157 /* ShouWenzhanViewController.h */ = {isa = PBXFileReference; lastKnownFileType = sourcecode.c.h; path = ShouWenzhanViewController.h; sourceTree = "<group>"; };
		0A5218CA224E523100256157 /* ShouWenzhanViewController.m */ = {isa = PBXFileReference; lastKnownFileType = sourcecode.c.objc; path = ShouWenzhanViewController.m; sourceTree = "<group>"; };
		0A74A7B72257AC55000E96AB /* StringMacro.h */ = {isa = PBXFileReference; fileEncoding = 4; lastKnownFileType = sourcecode.c.h; path = StringMacro.h; sourceTree = "<group>"; };
		0A74A7B82257AC55000E96AB /* ScreenMacro.h */ = {isa = PBXFileReference; fileEncoding = 4; lastKnownFileType = sourcecode.c.h; path = ScreenMacro.h; sourceTree = "<group>"; };
		0A74A7B92257AC55000E96AB /* PropetyMarco.h */ = {isa = PBXFileReference; fileEncoding = 4; lastKnownFileType = sourcecode.c.h; path = PropetyMarco.h; sourceTree = "<group>"; };
		0A74A7BA2257AC55000E96AB /* Macro.h */ = {isa = PBXFileReference; fileEncoding = 4; lastKnownFileType = sourcecode.c.h; path = Macro.h; sourceTree = "<group>"; };
		0A74A7BB2257AC55000E96AB /* IosVerionMacro.h */ = {isa = PBXFileReference; fileEncoding = 4; lastKnownFileType = sourcecode.c.h; path = IosVerionMacro.h; sourceTree = "<group>"; };
		0A74A7BC2257AC55000E96AB /* ClassMacro.h */ = {isa = PBXFileReference; fileEncoding = 4; lastKnownFileType = sourcecode.c.h; path = ClassMacro.h; sourceTree = "<group>"; };
		0A74A7BD2257AC55000E96AB /* ColorMacro.h */ = {isa = PBXFileReference; fileEncoding = 4; lastKnownFileType = sourcecode.c.h; path = ColorMacro.h; sourceTree = "<group>"; };
		0A8A677D2233EB10001D270B /* NSDate+Utilities.m */ = {isa = PBXFileReference; fileEncoding = 4; lastKnownFileType = sourcecode.c.objc; path = "NSDate+Utilities.m"; sourceTree = "<group>"; };
		0A8A677E2233EB11001D270B /* NSDate+Formatter.m */ = {isa = PBXFileReference; fileEncoding = 4; lastKnownFileType = sourcecode.c.objc; path = "NSDate+Formatter.m"; sourceTree = "<group>"; };
		0A8A677F2233EB11001D270B /* NSDate+InternetDateTime.h */ = {isa = PBXFileReference; fileEncoding = 4; lastKnownFileType = sourcecode.c.h; path = "NSDate+InternetDateTime.h"; sourceTree = "<group>"; };
		0A8A67802233EB11001D270B /* NSDate+CupertinoYankee.h */ = {isa = PBXFileReference; fileEncoding = 4; lastKnownFileType = sourcecode.c.h; path = "NSDate+CupertinoYankee.h"; sourceTree = "<group>"; };
		0A8A67812233EB11001D270B /* NSDate+Extension.m */ = {isa = PBXFileReference; fileEncoding = 4; lastKnownFileType = sourcecode.c.objc; path = "NSDate+Extension.m"; sourceTree = "<group>"; };
		0A8A67822233EB11001D270B /* NSDate+Reporting.h */ = {isa = PBXFileReference; fileEncoding = 4; lastKnownFileType = sourcecode.c.h; path = "NSDate+Reporting.h"; sourceTree = "<group>"; };
		0A8A67832233EB11001D270B /* NSDate+CupertinoYankee.m */ = {isa = PBXFileReference; fileEncoding = 4; lastKnownFileType = sourcecode.c.objc; path = "NSDate+CupertinoYankee.m"; sourceTree = "<group>"; };
		0A8A67842233EB11001D270B /* NSDate+Formatter.h */ = {isa = PBXFileReference; fileEncoding = 4; lastKnownFileType = sourcecode.c.h; path = "NSDate+Formatter.h"; sourceTree = "<group>"; };
		0A8A67852233EB11001D270B /* NSDate+Reporting.m */ = {isa = PBXFileReference; fileEncoding = 4; lastKnownFileType = sourcecode.c.objc; path = "NSDate+Reporting.m"; sourceTree = "<group>"; };
		0A8A67862233EB11001D270B /* NSDate+Utilities.h */ = {isa = PBXFileReference; fileEncoding = 4; lastKnownFileType = sourcecode.c.h; path = "NSDate+Utilities.h"; sourceTree = "<group>"; };
		0A8A67872233EB12001D270B /* NSDate+Extension.h */ = {isa = PBXFileReference; fileEncoding = 4; lastKnownFileType = sourcecode.c.h; path = "NSDate+Extension.h"; sourceTree = "<group>"; };
		0A8A67882233EB12001D270B /* NSDate+InternetDateTime.m */ = {isa = PBXFileReference; fileEncoding = 4; lastKnownFileType = sourcecode.c.objc; path = "NSDate+InternetDateTime.m"; sourceTree = "<group>"; };
		0A8A678F22340ACB001D270B /* ShowRijiViewController.h */ = {isa = PBXFileReference; lastKnownFileType = sourcecode.c.h; path = ShowRijiViewController.h; sourceTree = "<group>"; };
		0A8A679022340ACB001D270B /* ShowRijiViewController.m */ = {isa = PBXFileReference; lastKnownFileType = sourcecode.c.objc; path = ShowRijiViewController.m; sourceTree = "<group>"; };
		0A8A938A224F58870007A1C3 /* book.json */ = {isa = PBXFileReference; fileEncoding = 4; lastKnownFileType = text.json; path = book.json; sourceTree = "<group>"; };
		0A8A938B224F58870007A1C3 /* say.json */ = {isa = PBXFileReference; fileEncoding = 4; lastKnownFileType = text.json; path = say.json; sourceTree = "<group>"; };
		0A8A9392224F5C5C0007A1C3 /* WenzhanManager.m */ = {isa = PBXFileReference; fileEncoding = 4; lastKnownFileType = sourcecode.c.objc; path = WenzhanManager.m; sourceTree = "<group>"; };
		0A8A9393224F5C5C0007A1C3 /* WenzhanManager.h */ = {isa = PBXFileReference; fileEncoding = 4; lastKnownFileType = sourcecode.c.h; path = WenzhanManager.h; sourceTree = "<group>"; };
		0A8A9396224F5E130007A1C3 /* LaunchImageView.h */ = {isa = PBXFileReference; fileEncoding = 4; lastKnownFileType = sourcecode.c.h; path = LaunchImageView.h; sourceTree = "<group>"; };
		0A8A9397224F5E130007A1C3 /* LaunchImageView.m */ = {isa = PBXFileReference; fileEncoding = 4; lastKnownFileType = sourcecode.c.objc; path = LaunchImageView.m; sourceTree = "<group>"; };
		0A8A9399224F8BE80007A1C3 /* AboutViewController.h */ = {isa = PBXFileReference; lastKnownFileType = sourcecode.c.h; path = AboutViewController.h; sourceTree = "<group>"; };
		0A8A939A224F8BE80007A1C3 /* AboutViewController.m */ = {isa = PBXFileReference; lastKnownFileType = sourcecode.c.objc; path = AboutViewController.m; sourceTree = "<group>"; };
		0A8A939C224F8FA40007A1C3 /* JumpDateView.m */ = {isa = PBXFileReference; fileEncoding = 4; lastKnownFileType = sourcecode.c.objc; path = JumpDateView.m; sourceTree = "<group>"; };
		0A8A939D224F8FA50007A1C3 /* JumpDateView.h */ = {isa = PBXFileReference; fileEncoding = 4; lastKnownFileType = sourcecode.c.h; path = JumpDateView.h; sourceTree = "<group>"; };
		0A8A939F224F90520007A1C3 /* BtnColumnView.h */ = {isa = PBXFileReference; fileEncoding = 4; lastKnownFileType = sourcecode.c.h; path = BtnColumnView.h; sourceTree = "<group>"; };
		0A8A93A0224F90520007A1C3 /* BtnColumnView.m */ = {isa = PBXFileReference; fileEncoding = 4; lastKnownFileType = sourcecode.c.objc; path = BtnColumnView.m; sourceTree = "<group>"; };
		0A8A93A2224FAAF60007A1C3 /* ImageCell.h */ = {isa = PBXFileReference; fileEncoding = 4; lastKnownFileType = sourcecode.c.h; path = ImageCell.h; sourceTree = "<group>"; };
		0A8A93A3224FAAF60007A1C3 /* ImageCell.m */ = {isa = PBXFileReference; fileEncoding = 4; lastKnownFileType = sourcecode.c.objc; path = ImageCell.m; sourceTree = "<group>"; };
		0A8A93A5224FBDE90007A1C3 /* RijiDetailViewController.h */ = {isa = PBXFileReference; lastKnownFileType = sourcecode.c.h; path = RijiDetailViewController.h; sourceTree = "<group>"; };
		0A8A93A6224FBDE90007A1C3 /* RijiDetailViewController.m */ = {isa = PBXFileReference; lastKnownFileType = sourcecode.c.objc; path = RijiDetailViewController.m; sourceTree = "<group>"; };
		0A8A93A822505AA50007A1C3 /* RijiSectionView.h */ = {isa = PBXFileReference; lastKnownFileType = sourcecode.c.h; path = RijiSectionView.h; sourceTree = "<group>"; };
		0A8A93A922505AA50007A1C3 /* RijiSectionView.m */ = {isa = PBXFileReference; lastKnownFileType = sourcecode.c.objc; path = RijiSectionView.m; sourceTree = "<group>"; };
		0A8A93AB225073FF0007A1C3 /* DateInfo-Bridging-Header.h */ = {isa = PBXFileReference; lastKnownFileType = sourcecode.c.h; path = "DateInfo-Bridging-Header.h"; sourceTree = "<group>"; };
		0A8A93B0225077530007A1C3 /* StarsOverlay.swift */ = {isa = PBXFileReference; fileEncoding = 4; lastKnownFileType = sourcecode.swift; path = StarsOverlay.swift; sourceTree = "<group>"; };
		0A8A93B222508A7A0007A1C3 /* BaseViewController.h */ = {isa = PBXFileReference; lastKnownFileType = sourcecode.c.h; path = BaseViewController.h; sourceTree = "<group>"; };
		0A8A93B322508A7A0007A1C3 /* BaseViewController.m */ = {isa = PBXFileReference; lastKnownFileType = sourcecode.c.objc; path = BaseViewController.m; sourceTree = "<group>"; };
		0A9341CE2256480600AC48FF /* DateToday.appex */ = {isa = PBXFileReference; explicitFileType = "wrapper.app-extension"; includeInIndex = 0; path = DateToday.appex; sourceTree = BUILT_PRODUCTS_DIR; };
		0A9341CF2256480600AC48FF /* NotificationCenter.framework */ = {isa = PBXFileReference; lastKnownFileType = wrapper.framework; name = NotificationCenter.framework; path = System/Library/Frameworks/NotificationCenter.framework; sourceTree = SDKROOT; };
		0A9341D22256480600AC48FF /* TodayViewController.h */ = {isa = PBXFileReference; lastKnownFileType = sourcecode.c.h; path = TodayViewController.h; sourceTree = "<group>"; };
		0A9341D32256480600AC48FF /* TodayViewController.m */ = {isa = PBXFileReference; lastKnownFileType = sourcecode.c.objc; path = TodayViewController.m; sourceTree = "<group>"; };
		0A9341D82256480600AC48FF /* Info.plist */ = {isa = PBXFileReference; lastKnownFileType = text.plist.xml; path = Info.plist; sourceTree = "<group>"; };
		0A9341E0225648B000AC48FF /* MainInterface.storyboard */ = {isa = PBXFileReference; fileEncoding = 4; lastKnownFileType = file.storyboard; path = MainInterface.storyboard; sourceTree = "<group>"; };
		0A9341E222564A2900AC48FF /* Image.xcassets */ = {isa = PBXFileReference; lastKnownFileType = folder.assetcatalog; path = Image.xcassets; sourceTree = "<group>"; };
		0A9341E6225650E100AC48FF /* NSDate+Extension.h */ = {isa = PBXFileReference; fileEncoding = 4; lastKnownFileType = sourcecode.c.h; name = "NSDate+Extension.h"; path = "DateInfo/NSDate+Extension.h"; sourceTree = SOURCE_ROOT; };
		0A9341E7225650E100AC48FF /* NSDate+Extension.m */ = {isa = PBXFileReference; fileEncoding = 4; lastKnownFileType = sourcecode.c.objc; name = "NSDate+Extension.m"; path = "DateInfo/NSDate+Extension.m"; sourceTree = SOURCE_ROOT; };
		0A9341EA2256511A00AC48FF /* NSDate+Reporting.h */ = {isa = PBXFileReference; fileEncoding = 4; lastKnownFileType = sourcecode.c.h; name = "NSDate+Reporting.h"; path = "DateInfo/NSDate+Reporting.h"; sourceTree = SOURCE_ROOT; };
		0A9341EB2256511A00AC48FF /* NSDate+Reporting.m */ = {isa = PBXFileReference; fileEncoding = 4; lastKnownFileType = sourcecode.c.objc; name = "NSDate+Reporting.m"; path = "DateInfo/NSDate+Reporting.m"; sourceTree = SOURCE_ROOT; };
		0A9341ED2256540500AC48FF /* DateToday.entitlements */ = {isa = PBXFileReference; lastKnownFileType = text.plist.entitlements; path = DateToday.entitlements; sourceTree = "<group>"; };
		0A9341EE2256541100AC48FF /* DateInfo.entitlements */ = {isa = PBXFileReference; lastKnownFileType = text.plist.entitlements; path = DateInfo.entitlements; sourceTree = "<group>"; };
		0ABC48DE223530F600799B4A /* RijiCell.h */ = {isa = PBXFileReference; lastKnownFileType = sourcecode.c.h; path = RijiCell.h; sourceTree = "<group>"; };
		0ABC48DF223530F600799B4A /* RijiCell.m */ = {isa = PBXFileReference; lastKnownFileType = sourcecode.c.objc; path = RijiCell.m; sourceTree = "<group>"; };
		0ABDE5D524A36C5700598B8E /* 七日.entitlements */ = {isa = PBXFileReference; lastKnownFileType = text.plist.entitlements; path = "七日.entitlements"; sourceTree = "<group>"; };
		0ACCD7C12247AE3600CC7E0D /* LunarFormatter.m */ = {isa = PBXFileReference; fileEncoding = 4; lastKnownFileType = sourcecode.c.objc; path = LunarFormatter.m; sourceTree = "<group>"; };
		0ACCD7C22247AE3600CC7E0D /* LunarFormatter.h */ = {isa = PBXFileReference; fileEncoding = 4; lastKnownFileType = sourcecode.c.h; path = LunarFormatter.h; sourceTree = "<group>"; };
		0ACCD7C42247B3C900CC7E0D /* BaseNavViewController.h */ = {isa = PBXFileReference; fileEncoding = 4; lastKnownFileType = sourcecode.c.h; path = BaseNavViewController.h; sourceTree = "<group>"; };
		0ACCD7C52247B3C900CC7E0D /* BaseNavViewController.m */ = {isa = PBXFileReference; fileEncoding = 4; lastKnownFileType = sourcecode.c.objc; path = BaseNavViewController.m; sourceTree = "<group>"; };
		0ACCD7C82247B41000CC7E0D /* UIImage+ImageEffects.h */ = {isa = PBXFileReference; fileEncoding = 4; lastKnownFileType = sourcecode.c.h; path = "UIImage+ImageEffects.h"; sourceTree = "<group>"; };
		0ACCD7C92247B41000CC7E0D /* SetViewController.h */ = {isa = PBXFileReference; fileEncoding = 4; lastKnownFileType = sourcecode.c.h; path = SetViewController.h; sourceTree = "<group>"; };
		0ACCD7CA2247B41000CC7E0D /* ParallaxHeaderView.m */ = {isa = PBXFileReference; fileEncoding = 4; lastKnownFileType = sourcecode.c.objc; path = ParallaxHeaderView.m; sourceTree = "<group>"; };
		0ACCD7CB2247B41000CC7E0D /* UIImage+ImageEffects.m */ = {isa = PBXFileReference; fileEncoding = 4; lastKnownFileType = sourcecode.c.objc; path = "UIImage+ImageEffects.m"; sourceTree = "<group>"; };
		0ACCD7CC2247B41000CC7E0D /* ParallaxHeaderView.h */ = {isa = PBXFileReference; fileEncoding = 4; lastKnownFileType = sourcecode.c.h; path = ParallaxHeaderView.h; sourceTree = "<group>"; };
		0ACCD7CD2247B41000CC7E0D /* SetViewController.m */ = {isa = PBXFileReference; fileEncoding = 4; lastKnownFileType = sourcecode.c.objc; path = SetViewController.m; sourceTree = "<group>"; };
		0AD2041A2247BE780064F4E8 /* TSMessageView.m */ = {isa = PBXFileReference; fileEncoding = 4; lastKnownFileType = sourcecode.c.objc; path = TSMessageView.m; sourceTree = "<group>"; };
		0AD2041B2247BE780064F4E8 /* TSMessage.h */ = {isa = PBXFileReference; fileEncoding = 4; lastKnownFileType = sourcecode.c.h; path = TSMessage.h; sourceTree = "<group>"; };
		0AD2041C2247BE780064F4E8 /* TSBlurView.m */ = {isa = PBXFileReference; fileEncoding = 4; lastKnownFileType = sourcecode.c.objc; path = TSBlurView.m; sourceTree = "<group>"; };
		0AD2041D2247BE780064F4E8 /* TSMessageView.h */ = {isa = PBXFileReference; fileEncoding = 4; lastKnownFileType = sourcecode.c.h; path = TSMessageView.h; sourceTree = "<group>"; };
		0AD2041E2247BE780064F4E8 /* TSMessage.m */ = {isa = PBXFileReference; fileEncoding = 4; lastKnownFileType = sourcecode.c.objc; path = TSMessage.m; sourceTree = "<group>"; };
		0AD2041F2247BE780064F4E8 /* TSBlurView.h */ = {isa = PBXFileReference; fileEncoding = 4; lastKnownFileType = sourcecode.c.h; path = TSBlurView.h; sourceTree = "<group>"; };
		0AD204212247BE780064F4E8 /* NotificationBackgroundMessage.png */ = {isa = PBXFileReference; lastKnownFileType = image.png; path = NotificationBackgroundMessage.png; sourceTree = "<group>"; };
		0AD204222247BE780064F4E8 /* NotificationBackgroundWarning@2x.png */ = {isa = PBXFileReference; lastKnownFileType = image.png; path = "NotificationBackgroundWarning@2x.png"; sourceTree = "<group>"; };
		0AD204232247BE780064F4E8 /* NotificationBackgroundSuccess@2x.png */ = {isa = PBXFileReference; lastKnownFileType = image.png; path = "NotificationBackgroundSuccess@2x.png"; sourceTree = "<group>"; };
		0AD204242247BE780064F4E8 /* NotificationButtonBackground@2x.png */ = {isa = PBXFileReference; lastKnownFileType = image.png; path = "NotificationButtonBackground@2x.png"; sourceTree = "<group>"; };
		0AD204252247BE780064F4E8 /* NotificationBackgroundSuccess.png */ = {isa = PBXFileReference; lastKnownFileType = image.png; path = NotificationBackgroundSuccess.png; sourceTree = "<group>"; };
		0AD204262247BE780064F4E8 /* TSMessagesDefaultDesign.json */ = {isa = PBXFileReference; fileEncoding = 4; lastKnownFileType = text.json; path = TSMessagesDefaultDesign.json; sourceTree = "<group>"; };
		0AD204272247BE780064F4E8 /* NotificationBackgroundError.png */ = {isa = PBXFileReference; lastKnownFileType = image.png; path = NotificationBackgroundError.png; sourceTree = "<group>"; };
		0AD204282247BE780064F4E8 /* NotificationBackgroundMessage@2x.png */ = {isa = PBXFileReference; lastKnownFileType = image.png; path = "NotificationBackgroundMessage@2x.png"; sourceTree = "<group>"; };
		0AD204292247BE780064F4E8 /* NotificationBackgroundSuccessIcon.png */ = {isa = PBXFileReference; lastKnownFileType = image.png; path = NotificationBackgroundSuccessIcon.png; sourceTree = "<group>"; };
		0AD2042A2247BE780064F4E8 /* NotificationBackgroundSuccessIcon@2x.png */ = {isa = PBXFileReference; lastKnownFileType = image.png; path = "NotificationBackgroundSuccessIcon@2x.png"; sourceTree = "<group>"; };
		0AD2042B2247BE780064F4E8 /* NotificationBackgroundErrorIcon.png */ = {isa = PBXFileReference; lastKnownFileType = image.png; path = NotificationBackgroundErrorIcon.png; sourceTree = "<group>"; };
		0AD2042C2247BE780064F4E8 /* NotificationBackgroundError@2x.png */ = {isa = PBXFileReference; lastKnownFileType = image.png; path = "NotificationBackgroundError@2x.png"; sourceTree = "<group>"; };
		0AD2042D2247BE780064F4E8 /* NotificationBackgroundWarningIcon.png */ = {isa = PBXFileReference; lastKnownFileType = image.png; path = NotificationBackgroundWarningIcon.png; sourceTree = "<group>"; };
		0AD2042E2247BE780064F4E8 /* NotificationBackgroundWarningIcon@2x.png */ = {isa = PBXFileReference; lastKnownFileType = image.png; path = "NotificationBackgroundWarningIcon@2x.png"; sourceTree = "<group>"; };
		0AD2042F2247BE780064F4E8 /* NotificationBackgroundErrorIcon@2x.png */ = {isa = PBXFileReference; lastKnownFileType = image.png; path = "NotificationBackgroundErrorIcon@2x.png"; sourceTree = "<group>"; };
		0AD204302247BE780064F4E8 /* NotificationBackgroundWarning.png */ = {isa = PBXFileReference; lastKnownFileType = image.png; path = NotificationBackgroundWarning.png; sourceTree = "<group>"; };
		0AD204312247BE780064F4E8 /* NotificationButtonBackground.png */ = {isa = PBXFileReference; lastKnownFileType = image.png; path = NotificationButtonBackground.png; sourceTree = "<group>"; };
		0AD204462247C17A0064F4E8 /* HexColor.h */ = {isa = PBXFileReference; lastKnownFileType = sourcecode.c.h; path = HexColor.h; sourceTree = "<group>"; };
		0AD204472247C17A0064F4E8 /* HexColor.m */ = {isa = PBXFileReference; lastKnownFileType = sourcecode.c.objc; path = HexColor.m; sourceTree = "<group>"; };
		0AD20449224911480064F4E8 /* date.json */ = {isa = PBXFileReference; fileEncoding = 4; lastKnownFileType = text.json; path = date.json; sourceTree = "<group>"; };
		0AD2044B22491DAD0064F4E8 /* RijiYearViewController.h */ = {isa = PBXFileReference; lastKnownFileType = sourcecode.c.h; path = RijiYearViewController.h; sourceTree = "<group>"; };
		0AD2044C22491DAD0064F4E8 /* RijiYearViewController.m */ = {isa = PBXFileReference; lastKnownFileType = sourcecode.c.objc; path = RijiYearViewController.m; sourceTree = "<group>"; };
		0AD2044E22491E360064F4E8 /* RijiManager.h */ = {isa = PBXFileReference; lastKnownFileType = sourcecode.c.h; path = RijiManager.h; sourceTree = "<group>"; };
		0AD2044F22491E360064F4E8 /* RijiManager.m */ = {isa = PBXFileReference; lastKnownFileType = sourcecode.c.objc; path = RijiManager.m; sourceTree = "<group>"; };
		0AD20454224A63CC0064F4E8 /* MRJCalendarWeekdayView.h */ = {isa = PBXFileReference; lastKnownFileType = sourcecode.c.h; path = MRJCalendarWeekdayView.h; sourceTree = "<group>"; };
		0AD20455224A63CC0064F4E8 /* MRJCalendarWeekdayView.m */ = {isa = PBXFileReference; lastKnownFileType = sourcecode.c.objc; path = MRJCalendarWeekdayView.m; sourceTree = "<group>"; };
		0AD20457224A6D700064F4E8 /* holiday.json */ = {isa = PBXFileReference; fileEncoding = 4; lastKnownFileType = text.json; path = holiday.json; sourceTree = "<group>"; };
		0ADC8449223525A400A18C8C /* TestViewController.h */ = {isa = PBXFileReference; lastKnownFileType = sourcecode.c.h; path = TestViewController.h; sourceTree = "<group>"; };
		0ADC844A223525A400A18C8C /* TestViewController.m */ = {isa = PBXFileReference; lastKnownFileType = sourcecode.c.objc; path = TestViewController.m; sourceTree = "<group>"; };
		0AFB35F92230172F001DD940 /* RiJiModel.h */ = {isa = PBXFileReference; fileEncoding = 4; lastKnownFileType = sourcecode.c.h; path = RiJiModel.h; sourceTree = "<group>"; };
		0AFB35FA2230172F001DD940 /* RiJiModel.mm */ = {isa = PBXFileReference; fileEncoding = 4; lastKnownFileType = sourcecode.cpp.objcpp; path = RiJiModel.mm; sourceTree = "<group>"; };
		0AFB35FC2230172F001DD940 /* FileManager.h */ = {isa = PBXFileReference; fileEncoding = 4; lastKnownFileType = sourcecode.c.h; path = FileManager.h; sourceTree = "<group>"; };
		0AFB35FD2230172F001DD940 /* FileManager.m */ = {isa = PBXFileReference; fileEncoding = 4; lastKnownFileType = sourcecode.c.objc; path = FileManager.m; sourceTree = "<group>"; };
		0AFB35FF2230172F001DD940 /* LanguageManager.h */ = {isa = PBXFileReference; fileEncoding = 4; lastKnownFileType = sourcecode.c.h; path = LanguageManager.h; sourceTree = "<group>"; };
		0AFB36002230172F001DD940 /* LanguageManger.m */ = {isa = PBXFileReference; fileEncoding = 4; lastKnownFileType = sourcecode.c.objc; path = LanguageManger.m; sourceTree = "<group>"; };
		0AFB36042233B28A001DD940 /* EditViewController.h */ = {isa = PBXFileReference; lastKnownFileType = sourcecode.c.h; path = EditViewController.h; sourceTree = "<group>"; };
		0AFB36052233B28A001DD940 /* EditViewController.m */ = {isa = PBXFileReference; lastKnownFileType = sourcecode.c.objc; path = EditViewController.m; sourceTree = "<group>"; };
		0AFB36072233BC68001DD940 /* Header.pch */ = {isa = PBXFileReference; lastKnownFileType = sourcecode.c.h; path = Header.pch; sourceTree = "<group>"; };
		5B56D4DFF79CAC75F19AF577 /* Pods-DateToday.debug.xcconfig */ = {isa = PBXFileReference; includeInIndex = 1; lastKnownFileType = text.xcconfig; name = "Pods-DateToday.debug.xcconfig"; path = "Pods/Target Support Files/Pods-DateToday/Pods-DateToday.debug.xcconfig"; sourceTree = "<group>"; };
		85A303234A2DEB43E0084B64 /* Pods-DateInfo-DateToday.release.xcconfig */ = {isa = PBXFileReference; includeInIndex = 1; lastKnownFileType = text.xcconfig; name = "Pods-DateInfo-DateToday.release.xcconfig"; path = "Pods/Target Support Files/Pods-DateInfo-DateToday/Pods-DateInfo-DateToday.release.xcconfig"; sourceTree = "<group>"; };
		8F19D27B618991C611C796EA /* Pods-DateToday.release.xcconfig */ = {isa = PBXFileReference; includeInIndex = 1; lastKnownFileType = text.xcconfig; name = "Pods-DateToday.release.xcconfig"; path = "Pods/Target Support Files/Pods-DateToday/Pods-DateToday.release.xcconfig"; sourceTree = "<group>"; };
		A6C04EFD44FAD3BCA420F761 /* Pods-DateInfo.debug.xcconfig */ = {isa = PBXFileReference; includeInIndex = 1; lastKnownFileType = text.xcconfig; name = "Pods-DateInfo.debug.xcconfig"; path = "Pods/Target Support Files/Pods-DateInfo/Pods-DateInfo.debug.xcconfig"; sourceTree = "<group>"; };
		AAB1AC516BF6B0BF62C0B590 /* Pods_DateToday.framework */ = {isa = PBXFileReference; explicitFileType = wrapper.framework; includeInIndex = 0; path = Pods_DateToday.framework; sourceTree = BUILT_PRODUCTS_DIR; };
		B4CFC9E3B60C1AB77E5AA1F2 /* Pods_DateInfo.framework */ = {isa = PBXFileReference; explicitFileType = wrapper.framework; includeInIndex = 0; path = Pods_DateInfo.framework; sourceTree = BUILT_PRODUCTS_DIR; };
		CBAFF6CE54CFF8062C9EE63A /* Pods_DateInfoTests.framework */ = {isa = PBXFileReference; explicitFileType = wrapper.framework; includeInIndex = 0; path = Pods_DateInfoTests.framework; sourceTree = BUILT_PRODUCTS_DIR; };
		E1C153E0DECED008B1FCE123 /* Pods_DateInfo_DateToday.framework */ = {isa = PBXFileReference; explicitFileType = wrapper.framework; includeInIndex = 0; path = Pods_DateInfo_DateToday.framework; sourceTree = BUILT_PRODUCTS_DIR; };
		EF3F7B4BDBD721883B149E9B /* Pods-DateInfo-DateToday.debug.xcconfig */ = {isa = PBXFileReference; includeInIndex = 1; lastKnownFileType = text.xcconfig; name = "Pods-DateInfo-DateToday.debug.xcconfig"; path = "Pods/Target Support Files/Pods-DateInfo-DateToday/Pods-DateInfo-DateToday.debug.xcconfig"; sourceTree = "<group>"; };
		F0BB700E4E665E3E8AC92E33 /* Pods-DateInfo.release.xcconfig */ = {isa = PBXFileReference; includeInIndex = 1; lastKnownFileType = text.xcconfig; name = "Pods-DateInfo.release.xcconfig"; path = "Pods/Target Support Files/Pods-DateInfo/Pods-DateInfo.release.xcconfig"; sourceTree = "<group>"; };
/* End PBXFileReference section */

/* Begin PBXFrameworksBuildPhase section */
		0A38B8E3222BAA1100ADD2A2 /* Frameworks */ = {
			isa = PBXFrameworksBuildPhase;
			buildActionMask = 2147483647;
			files = (
				C8F846AA26317E6C0AA02DF3 /* Pods_DateInfo.framework in Frameworks */,
			);
			runOnlyForDeploymentPostprocessing = 0;
		};
		0A38B8FB222BAA1300ADD2A2 /* Frameworks */ = {
			isa = PBXFrameworksBuildPhase;
			buildActionMask = 2147483647;
			files = (
			);
			runOnlyForDeploymentPostprocessing = 0;
		};
		0A9341CB2256480600AC48FF /* Frameworks */ = {
			isa = PBXFrameworksBuildPhase;
			buildActionMask = 2147483647;
			files = (
				0A9341D02256480600AC48FF /* NotificationCenter.framework in Frameworks */,
				3ECFB66A6A84649C57CE4DE2 /* Pods_DateToday.framework in Frameworks */,
			);
			runOnlyForDeploymentPostprocessing = 0;
		};
/* End PBXFrameworksBuildPhase section */

/* Begin PBXGroup section */
		0A38B8DD222BAA1100ADD2A2 = {
			isa = PBXGroup;
			children = (
				0AD20459224BC0A50064F4E8 /* resource */,
				0A38B8E8222BAA1100ADD2A2 /* DateInfo */,
				0A38B901222BAA1300ADD2A2 /* DateInfoTests */,
				0A9341D12256480600AC48FF /* DateToday */,
				0A38B8E7222BAA1100ADD2A2 /* Products */,
				519CAAB705064059A57297F9 /* Pods */,
				5AEB786F129D16462C99B2A2 /* Frameworks */,
			);
			sourceTree = "<group>";
		};
		0A38B8E7222BAA1100ADD2A2 /* Products */ = {
			isa = PBXGroup;
			children = (
				0A38B8E6222BAA1100ADD2A2 /* 七日.app */,
				0A38B8FE222BAA1300ADD2A2 /* DateInfoTests.xctest */,
				0A9341CE2256480600AC48FF /* DateToday.appex */,
			);
			name = Products;
			sourceTree = "<group>";
		};
		0A38B8E8222BAA1100ADD2A2 /* DateInfo */ = {
			isa = PBXGroup;
			children = (
				0ABDE5D524A36C5700598B8E /* 七日.entitlements */,
				0A74A7B62257AC55000E96AB /* Marco */,
				0A9341EE2256541100AC48FF /* DateInfo.entitlements */,
				0A8A9395224F5DFC0007A1C3 /* LaunchImage */,
				0A8A9391224F5B6D0007A1C3 /* Base */,
				0A8A9390224F5B590007A1C3 /* AppDelegate */,
				0A8A938F224F5B500007A1C3 /* Riji */,
				0A8A938E224F5B440007A1C3 /* Wenzhan */,
				0AD204172247BE6C0064F4E8 /* Third */,
				0ACCD7C72247B41000CC7E0D /* set */,
				0ACCD7C02247AE2B00CC7E0D /* LunarFormatter */,
				0A8A677C2233EA8F001D270B /* DateTool */,
				0AFB35FB2230172F001DD940 /* FileManager */,
				0AFB35FE2230172F001DD940 /* LanguageManager */,
				0AFB35F82230172F001DD940 /* RiModel */,
				0A38B8EC222BAA1100ADD2A2 /* RootViewController.h */,
				0A38B8ED222BAA1100ADD2A2 /* RootViewController.m */,
				0ADC8449223525A400A18C8C /* TestViewController.h */,
				0ADC844A223525A400A18C8C /* TestViewController.m */,
				0A38B8F2222BAA1200ADD2A2 /* Assets.xcassets */,
				0A38B8F4222BAA1200ADD2A2 /* LaunchScreen.storyboard */,
				0A38B8F7222BAA1200ADD2A2 /* Info.plist */,
				0A38B8F8222BAA1200ADD2A2 /* main.m */,
				0AFB36072233BC68001DD940 /* Header.pch */,
			);
			path = DateInfo;
			sourceTree = "<group>";
		};
		0A38B901222BAA1300ADD2A2 /* DateInfoTests */ = {
			isa = PBXGroup;
			children = (
				0A38B902222BAA1300ADD2A2 /* DateInfoTests.m */,
				0A38B904222BAA1300ADD2A2 /* Info.plist */,
			);
			path = DateInfoTests;
			sourceTree = "<group>";
		};
		0A74A7B62257AC55000E96AB /* Marco */ = {
			isa = PBXGroup;
			children = (
				0A74A7B72257AC55000E96AB /* StringMacro.h */,
				0A74A7B82257AC55000E96AB /* ScreenMacro.h */,
				0A74A7B92257AC55000E96AB /* PropetyMarco.h */,
				0A74A7BA2257AC55000E96AB /* Macro.h */,
				0A74A7BB2257AC55000E96AB /* IosVerionMacro.h */,
				0A74A7BC2257AC55000E96AB /* ClassMacro.h */,
				0A74A7BD2257AC55000E96AB /* ColorMacro.h */,
			);
			path = Marco;
			sourceTree = "<group>";
		};
		0A8A677C2233EA8F001D270B /* DateTool */ = {
			isa = PBXGroup;
			children = (
				0A8A67802233EB11001D270B /* NSDate+CupertinoYankee.h */,
				0A8A67832233EB11001D270B /* NSDate+CupertinoYankee.m */,
				0A8A67872233EB12001D270B /* NSDate+Extension.h */,
				0A8A67812233EB11001D270B /* NSDate+Extension.m */,
				0A8A67842233EB11001D270B /* NSDate+Formatter.h */,
				0A8A677E2233EB11001D270B /* NSDate+Formatter.m */,
				0A8A677F2233EB11001D270B /* NSDate+InternetDateTime.h */,
				0A8A67882233EB12001D270B /* NSDate+InternetDateTime.m */,
				0A8A67822233EB11001D270B /* NSDate+Reporting.h */,
				0A8A67852233EB11001D270B /* NSDate+Reporting.m */,
				0A8A67862233EB11001D270B /* NSDate+Utilities.h */,
				0A8A677D2233EB10001D270B /* NSDate+Utilities.m */,
			);
			name = DateTool;
			sourceTree = "<group>";
		};
		0A8A938E224F5B440007A1C3 /* Wenzhan */ = {
			isa = PBXGroup;
			children = (
				0A8A9393224F5C5C0007A1C3 /* WenzhanManager.h */,
				0A8A9392224F5C5C0007A1C3 /* WenzhanManager.m */,
				0A5218C9224E523100256157 /* ShouWenzhanViewController.h */,
				0A5218CA224E523100256157 /* ShouWenzhanViewController.m */,
			);
			path = Wenzhan;
			sourceTree = "<group>";
		};
		0A8A938F224F5B500007A1C3 /* Riji */ = {
			isa = PBXGroup;
			children = (
				0A8A939D224F8FA50007A1C3 /* JumpDateView.h */,
				0A8A939C224F8FA40007A1C3 /* JumpDateView.m */,
				0A8A939F224F90520007A1C3 /* BtnColumnView.h */,
				0A8A93A0224F90520007A1C3 /* BtnColumnView.m */,
				0AD2044E22491E360064F4E8 /* RijiManager.h */,
				0AD2044F22491E360064F4E8 /* RijiManager.m */,
				0AFB36042233B28A001DD940 /* EditViewController.h */,
				0AFB36052233B28A001DD940 /* EditViewController.m */,
				0A8A93A2224FAAF60007A1C3 /* ImageCell.h */,
				0A8A93A3224FAAF60007A1C3 /* ImageCell.m */,
				0A8A678F22340ACB001D270B /* ShowRijiViewController.h */,
				0A8A679022340ACB001D270B /* ShowRijiViewController.m */,
				0AD2044B22491DAD0064F4E8 /* RijiYearViewController.h */,
				0AD2044C22491DAD0064F4E8 /* RijiYearViewController.m */,
				0A8A93A822505AA50007A1C3 /* RijiSectionView.h */,
				0A8A93A922505AA50007A1C3 /* RijiSectionView.m */,
				0ABC48DE223530F600799B4A /* RijiCell.h */,
				0ABC48DF223530F600799B4A /* RijiCell.m */,
				0AD20454224A63CC0064F4E8 /* MRJCalendarWeekdayView.h */,
				0AD20455224A63CC0064F4E8 /* MRJCalendarWeekdayView.m */,
				0A8A93A5224FBDE90007A1C3 /* RijiDetailViewController.h */,
				0A8A93A6224FBDE90007A1C3 /* RijiDetailViewController.m */,
			);
			path = Riji;
			sourceTree = "<group>";
		};
		0A8A9390224F5B590007A1C3 /* AppDelegate */ = {
			isa = PBXGroup;
			children = (
				0A38B8E9222BAA1100ADD2A2 /* AppDelegate.h */,
				0A38B8EA222BAA1100ADD2A2 /* AppDelegate.m */,
			);
			path = AppDelegate;
			sourceTree = "<group>";
		};
		0A8A9391224F5B6D0007A1C3 /* Base */ = {
			isa = PBXGroup;
			children = (
				0ACCD7C42247B3C900CC7E0D /* BaseNavViewController.h */,
				0ACCD7C52247B3C900CC7E0D /* BaseNavViewController.m */,
				0A8A93B222508A7A0007A1C3 /* BaseViewController.h */,
				0A8A93B322508A7A0007A1C3 /* BaseViewController.m */,
			);
			path = Base;
			sourceTree = "<group>";
		};
		0A8A9395224F5DFC0007A1C3 /* LaunchImage */ = {
			isa = PBXGroup;
			children = (
				0A8A9396224F5E130007A1C3 /* LaunchImageView.h */,
				0A8A9397224F5E130007A1C3 /* LaunchImageView.m */,
				0A8A93AB225073FF0007A1C3 /* DateInfo-Bridging-Header.h */,
				0A8A93B0225077530007A1C3 /* StarsOverlay.swift */,
			);
			path = LaunchImage;
			sourceTree = "<group>";
		};
		0A9341D12256480600AC48FF /* DateToday */ = {
			isa = PBXGroup;
			children = (
				0A9341ED2256540500AC48FF /* DateToday.entitlements */,
				0A9341EA2256511A00AC48FF /* NSDate+Reporting.h */,
				0A9341EB2256511A00AC48FF /* NSDate+Reporting.m */,
				0A9341E6225650E100AC48FF /* NSDate+Extension.h */,
				0A9341E7225650E100AC48FF /* NSDate+Extension.m */,
				0A9341D22256480600AC48FF /* TodayViewController.h */,
				0A9341D32256480600AC48FF /* TodayViewController.m */,
				0A9341E222564A2900AC48FF /* Image.xcassets */,
				0A9341E0225648B000AC48FF /* MainInterface.storyboard */,
				0A9341D82256480600AC48FF /* Info.plist */,
			);
			path = DateToday;
			sourceTree = "<group>";
		};
		0ACCD7C02247AE2B00CC7E0D /* LunarFormatter */ = {
			isa = PBXGroup;
			children = (
				0ACCD7C22247AE3600CC7E0D /* LunarFormatter.h */,
				0ACCD7C12247AE3600CC7E0D /* LunarFormatter.m */,
			);
			path = LunarFormatter;
			sourceTree = "<group>";
		};
		0ACCD7C72247B41000CC7E0D /* set */ = {
			isa = PBXGroup;
			children = (
				0ACCD7C82247B41000CC7E0D /* UIImage+ImageEffects.h */,
				0ACCD7C92247B41000CC7E0D /* SetViewController.h */,
				0ACCD7CA2247B41000CC7E0D /* ParallaxHeaderView.m */,
				0ACCD7CB2247B41000CC7E0D /* UIImage+ImageEffects.m */,
				0ACCD7CC2247B41000CC7E0D /* ParallaxHeaderView.h */,
				0ACCD7CD2247B41000CC7E0D /* SetViewController.m */,
				0A8A9399224F8BE80007A1C3 /* AboutViewController.h */,
				0A8A939A224F8BE80007A1C3 /* AboutViewController.m */,
			);
			path = set;
			sourceTree = "<group>";
		};
		0AD204172247BE6C0064F4E8 /* Third */ = {
			isa = PBXGroup;
			children = (
				0AD204182247BE780064F4E8 /* TSMessages */,
				0AD204462247C17A0064F4E8 /* HexColor.h */,
				0AD204472247C17A0064F4E8 /* HexColor.m */,
			);
			path = Third;
			sourceTree = "<group>";
		};
		0AD204182247BE780064F4E8 /* TSMessages */ = {
			isa = PBXGroup;
			children = (
				0AD204192247BE780064F4E8 /* Classes */,
				0AD204202247BE780064F4E8 /* Assets */,
			);
			path = TSMessages;
			sourceTree = "<group>";
		};
		0AD204192247BE780064F4E8 /* Classes */ = {
			isa = PBXGroup;
			children = (
				0AD2041A2247BE780064F4E8 /* TSMessageView.m */,
				0AD2041B2247BE780064F4E8 /* TSMessage.h */,
				0AD2041C2247BE780064F4E8 /* TSBlurView.m */,
				0AD2041D2247BE780064F4E8 /* TSMessageView.h */,
				0AD2041E2247BE780064F4E8 /* TSMessage.m */,
				0AD2041F2247BE780064F4E8 /* TSBlurView.h */,
			);
			path = Classes;
			sourceTree = "<group>";
		};
		0AD204202247BE780064F4E8 /* Assets */ = {
			isa = PBXGroup;
			children = (
				0AD204212247BE780064F4E8 /* NotificationBackgroundMessage.png */,
				0AD204222247BE780064F4E8 /* NotificationBackgroundWarning@2x.png */,
				0AD204232247BE780064F4E8 /* NotificationBackgroundSuccess@2x.png */,
				0AD204242247BE780064F4E8 /* NotificationButtonBackground@2x.png */,
				0AD204252247BE780064F4E8 /* NotificationBackgroundSuccess.png */,
				0AD204262247BE780064F4E8 /* TSMessagesDefaultDesign.json */,
				0AD204272247BE780064F4E8 /* NotificationBackgroundError.png */,
				0AD204282247BE780064F4E8 /* NotificationBackgroundMessage@2x.png */,
				0AD204292247BE780064F4E8 /* NotificationBackgroundSuccessIcon.png */,
				0AD2042A2247BE780064F4E8 /* NotificationBackgroundSuccessIcon@2x.png */,
				0AD2042B2247BE780064F4E8 /* NotificationBackgroundErrorIcon.png */,
				0AD2042C2247BE780064F4E8 /* NotificationBackgroundError@2x.png */,
				0AD2042D2247BE780064F4E8 /* NotificationBackgroundWarningIcon.png */,
				0AD2042E2247BE780064F4E8 /* NotificationBackgroundWarningIcon@2x.png */,
				0AD2042F2247BE780064F4E8 /* NotificationBackgroundErrorIcon@2x.png */,
				0AD204302247BE780064F4E8 /* NotificationBackgroundWarning.png */,
				0AD204312247BE780064F4E8 /* NotificationButtonBackground.png */,
			);
			path = Assets;
			sourceTree = "<group>";
		};
		0AD20459224BC0A50064F4E8 /* resource */ = {
			isa = PBXGroup;
			children = (
				0A8A938A224F58870007A1C3 /* book.json */,
				0A10B9282262E69B00E56D4C /* yuel.jpg */,
				0A8A938B224F58870007A1C3 /* say.json */,
				0AD20449224911480064F4E8 /* date.json */,
				0AD20457224A6D700064F4E8 /* holiday.json */,
			);
			path = resource;
			sourceTree = "<group>";
		};
		0AFB35F82230172F001DD940 /* RiModel */ = {
			isa = PBXGroup;
			children = (
				0A05AFA624E6B24F008E3275 /* NSDate+Extension.h */,
				0A05AFA524E6B24E008E3275 /* NSDate+Extension.m */,
				0AFB35F92230172F001DD940 /* RiJiModel.h */,
				0AFB35FA2230172F001DD940 /* RiJiModel.mm */,
				0A05AFA324E6B1BE008E3275 /* XMDataManager.h */,
				0A05AFA224E6B1BD008E3275 /* XMDataManager.mm */,
			);
			path = RiModel;
			sourceTree = "<group>";
		};
		0AFB35FB2230172F001DD940 /* FileManager */ = {
			isa = PBXGroup;
			children = (
				0AFB35FC2230172F001DD940 /* FileManager.h */,
				0AFB35FD2230172F001DD940 /* FileManager.m */,
			);
			path = FileManager;
			sourceTree = "<group>";
		};
		0AFB35FE2230172F001DD940 /* LanguageManager */ = {
			isa = PBXGroup;
			children = (
				0AFB35FF2230172F001DD940 /* LanguageManager.h */,
				0AFB36002230172F001DD940 /* LanguageManger.m */,
			);
			path = LanguageManager;
			sourceTree = "<group>";
		};
		519CAAB705064059A57297F9 /* Pods */ = {
			isa = PBXGroup;
			children = (
				A6C04EFD44FAD3BCA420F761 /* Pods-DateInfo.debug.xcconfig */,
				F0BB700E4E665E3E8AC92E33 /* Pods-DateInfo.release.xcconfig */,
				EF3F7B4BDBD721883B149E9B /* Pods-DateInfo-DateToday.debug.xcconfig */,
				85A303234A2DEB43E0084B64 /* Pods-DateInfo-DateToday.release.xcconfig */,
				5B56D4DFF79CAC75F19AF577 /* Pods-DateToday.debug.xcconfig */,
				8F19D27B618991C611C796EA /* Pods-DateToday.release.xcconfig */,
			);
			name = Pods;
			sourceTree = "<group>";
		};
		5AEB786F129D16462C99B2A2 /* Frameworks */ = {
			isa = PBXGroup;
			children = (
				B4CFC9E3B60C1AB77E5AA1F2 /* Pods_DateInfo.framework */,
				CBAFF6CE54CFF8062C9EE63A /* Pods_DateInfoTests.framework */,
				0A9341CF2256480600AC48FF /* NotificationCenter.framework */,
				E1C153E0DECED008B1FCE123 /* Pods_DateInfo_DateToday.framework */,
				AAB1AC516BF6B0BF62C0B590 /* Pods_DateToday.framework */,
			);
			name = Frameworks;
			sourceTree = "<group>";
		};
/* End PBXGroup section */

/* Begin PBXNativeTarget section */
		0A38B8E5222BAA1100ADD2A2 /* DateInfo */ = {
			isa = PBXNativeTarget;
			buildConfigurationList = 0A38B907222BAA1300ADD2A2 /* Build configuration list for PBXNativeTarget "DateInfo" */;
			buildPhases = (
				AE7F1346CF4C424CA15D1DB8 /* [CP] Check Pods Manifest.lock */,
				0A38B8E2222BAA1100ADD2A2 /* Sources */,
				0A38B8E3222BAA1100ADD2A2 /* Frameworks */,
				0A38B8E4222BAA1100ADD2A2 /* Resources */,
				CE54DA7F312BFB2D2B08FF51 /* [CP] Embed Pods Frameworks */,
				0A9341DF2256480600AC48FF /* Embed App Extensions */,
			);
			buildRules = (
			);
			dependencies = (
				0A9341DA2256480600AC48FF /* PBXTargetDependency */,
			);
			name = DateInfo;
			productName = DateInfo;
			productReference = 0A38B8E6222BAA1100ADD2A2 /* 七日.app */;
			productType = "com.apple.product-type.application";
		};
		0A38B8FD222BAA1300ADD2A2 /* DateInfoTests */ = {
			isa = PBXNativeTarget;
			buildConfigurationList = 0A38B90A222BAA1300ADD2A2 /* Build configuration list for PBXNativeTarget "DateInfoTests" */;
			buildPhases = (
				0A38B8FA222BAA1300ADD2A2 /* Sources */,
				0A38B8FB222BAA1300ADD2A2 /* Frameworks */,
				0A38B8FC222BAA1300ADD2A2 /* Resources */,
			);
			buildRules = (
			);
			dependencies = (
				0A38B900222BAA1300ADD2A2 /* PBXTargetDependency */,
			);
			name = DateInfoTests;
			productName = DateInfoTests;
			productReference = 0A38B8FE222BAA1300ADD2A2 /* DateInfoTests.xctest */;
			productType = "com.apple.product-type.bundle.unit-test";
		};
		0A9341CD2256480600AC48FF /* DateToday */ = {
			isa = PBXNativeTarget;
			buildConfigurationList = 0A9341DE2256480600AC48FF /* Build configuration list for PBXNativeTarget "DateToday" */;
			buildPhases = (
				5572F76A59A5E087D6C61778 /* [CP] Check Pods Manifest.lock */,
				0A9341CA2256480600AC48FF /* Sources */,
				0A9341CB2256480600AC48FF /* Frameworks */,
				0A9341CC2256480600AC48FF /* Resources */,
			);
			buildRules = (
			);
			dependencies = (
			);
			name = DateToday;
			productName = DateToday;
			productReference = 0A9341CE2256480600AC48FF /* DateToday.appex */;
			productType = "com.apple.product-type.app-extension";
		};
/* End PBXNativeTarget section */

/* Begin PBXProject section */
		0A38B8DE222BAA1100ADD2A2 /* Project object */ = {
			isa = PBXProject;
			attributes = {
				LastUpgradeCheck = 1010;
				ORGANIZATIONNAME = MRJ;
				TargetAttributes = {
					0A38B8E5222BAA1100ADD2A2 = {
						CreatedOnToolsVersion = 10.1;
						LastSwiftMigration = 1010;
						SystemCapabilities = {
							com.apple.ApplicationGroups.iOS = {
								enabled = 0;
							};
						};
					};
					0A38B8FD222BAA1300ADD2A2 = {
						CreatedOnToolsVersion = 10.1;
						TestTargetID = 0A38B8E5222BAA1100ADD2A2;
					};
					0A9341CD2256480600AC48FF = {
						CreatedOnToolsVersion = 10.1;
						SystemCapabilities = {
							com.apple.ApplicationGroups.iOS = {
								enabled = 0;
							};
						};
					};
				};
			};
			buildConfigurationList = 0A38B8E1222BAA1100ADD2A2 /* Build configuration list for PBXProject "DateInfo" */;
			compatibilityVersion = "Xcode 9.3";
			developmentRegion = en;
			hasScannedForEncodings = 0;
			knownRegions = (
				en,
				Base,
			);
			mainGroup = 0A38B8DD222BAA1100ADD2A2;
			productRefGroup = 0A38B8E7222BAA1100ADD2A2 /* Products */;
			projectDirPath = "";
			projectRoot = "";
			targets = (
				0A38B8E5222BAA1100ADD2A2 /* DateInfo */,
				0A38B8FD222BAA1300ADD2A2 /* DateInfoTests */,
				0A9341CD2256480600AC48FF /* DateToday */,
			);
		};
/* End PBXProject section */

/* Begin PBXResourcesBuildPhase section */
		0A38B8E4222BAA1100ADD2A2 /* Resources */ = {
			isa = PBXResourcesBuildPhase;
			buildActionMask = 2147483647;
			files = (
				0A8A938C224F58870007A1C3 /* book.json in Resources */,
				0AD204412247BE780064F4E8 /* NotificationBackgroundWarningIcon.png in Resources */,
				0A38B8F6222BAA1200ADD2A2 /* LaunchScreen.storyboard in Resources */,
				0AD204452247BE780064F4E8 /* NotificationButtonBackground.png in Resources */,
				0AD2044A224911480064F4E8 /* date.json in Resources */,
				0AD204432247BE780064F4E8 /* NotificationBackgroundErrorIcon@2x.png in Resources */,
				0AD204372247BE780064F4E8 /* NotificationBackgroundSuccess@2x.png in Resources */,
				0AD2043E2247BE780064F4E8 /* NotificationBackgroundSuccessIcon@2x.png in Resources */,
				0AD2043A2247BE780064F4E8 /* TSMessagesDefaultDesign.json in Resources */,
				0A10B9292262E69B00E56D4C /* yuel.jpg in Resources */,
				0AD2043C2247BE780064F4E8 /* NotificationBackgroundMessage@2x.png in Resources */,
				0A38B8F3222BAA1200ADD2A2 /* Assets.xcassets in Resources */,
				0AD2043F2247BE780064F4E8 /* NotificationBackgroundErrorIcon.png in Resources */,
				0AD204362247BE780064F4E8 /* NotificationBackgroundWarning@2x.png in Resources */,
				0AD204352247BE780064F4E8 /* NotificationBackgroundMessage.png in Resources */,
				0AD204442247BE780064F4E8 /* NotificationBackgroundWarning.png in Resources */,
				0AD20458224A6D700064F4E8 /* holiday.json in Resources */,
				0AD2043B2247BE780064F4E8 /* NotificationBackgroundError.png in Resources */,
				0A8A938D224F58870007A1C3 /* say.json in Resources */,
				0AD204422247BE780064F4E8 /* NotificationBackgroundWarningIcon@2x.png in Resources */,
				0AD204382247BE780064F4E8 /* NotificationButtonBackground@2x.png in Resources */,
				0AD2043D2247BE780064F4E8 /* NotificationBackgroundSuccessIcon.png in Resources */,
				0AD204402247BE780064F4E8 /* NotificationBackgroundError@2x.png in Resources */,
				0AD204392247BE780064F4E8 /* NotificationBackgroundSuccess.png in Resources */,
			);
			runOnlyForDeploymentPostprocessing = 0;
		};
		0A38B8FC222BAA1300ADD2A2 /* Resources */ = {
			isa = PBXResourcesBuildPhase;
			buildActionMask = 2147483647;
			files = (
			);
			runOnlyForDeploymentPostprocessing = 0;
		};
		0A9341CC2256480600AC48FF /* Resources */ = {
			isa = PBXResourcesBuildPhase;
			buildActionMask = 2147483647;
			files = (
				0A9341E1225648B000AC48FF /* MainInterface.storyboard in Resources */,
				0A9341E322564A2900AC48FF /* Image.xcassets in Resources */,
			);
			runOnlyForDeploymentPostprocessing = 0;
		};
/* End PBXResourcesBuildPhase section */

/* Begin PBXShellScriptBuildPhase section */
		5572F76A59A5E087D6C61778 /* [CP] Check Pods Manifest.lock */ = {
			isa = PBXShellScriptBuildPhase;
			buildActionMask = 2147483647;
			files = (
			);
			inputFileListPaths = (
			);
			inputPaths = (
				"${PODS_PODFILE_DIR_PATH}/Podfile.lock",
				"${PODS_ROOT}/Manifest.lock",
			);
			name = "[CP] Check Pods Manifest.lock";
			outputFileListPaths = (
			);
			outputPaths = (
				"$(DERIVED_FILE_DIR)/Pods-DateToday-checkManifestLockResult.txt",
			);
			runOnlyForDeploymentPostprocessing = 0;
			shellPath = /bin/sh;
			shellScript = "diff \"${PODS_PODFILE_DIR_PATH}/Podfile.lock\" \"${PODS_ROOT}/Manifest.lock\" > /dev/null\nif [ $? != 0 ] ; then\n    # print error to STDERR\n    echo \"error: The sandbox is not in sync with the Podfile.lock. Run 'pod install' or update your CocoaPods installation.\" >&2\n    exit 1\nfi\n# This output is used by Xcode 'outputs' to avoid re-running this script phase.\necho \"SUCCESS\" > \"${SCRIPT_OUTPUT_FILE_0}\"\n";
			showEnvVarsInLog = 0;
		};
		AE7F1346CF4C424CA15D1DB8 /* [CP] Check Pods Manifest.lock */ = {
			isa = PBXShellScriptBuildPhase;
			buildActionMask = 2147483647;
			files = (
			);
			inputFileListPaths = (
			);
			inputPaths = (
				"${PODS_PODFILE_DIR_PATH}/Podfile.lock",
				"${PODS_ROOT}/Manifest.lock",
			);
			name = "[CP] Check Pods Manifest.lock";
			outputFileListPaths = (
			);
			outputPaths = (
				"$(DERIVED_FILE_DIR)/Pods-DateInfo-checkManifestLockResult.txt",
			);
			runOnlyForDeploymentPostprocessing = 0;
			shellPath = /bin/sh;
			shellScript = "diff \"${PODS_PODFILE_DIR_PATH}/Podfile.lock\" \"${PODS_ROOT}/Manifest.lock\" > /dev/null\nif [ $? != 0 ] ; then\n    # print error to STDERR\n    echo \"error: The sandbox is not in sync with the Podfile.lock. Run 'pod install' or update your CocoaPods installation.\" >&2\n    exit 1\nfi\n# This output is used by Xcode 'outputs' to avoid re-running this script phase.\necho \"SUCCESS\" > \"${SCRIPT_OUTPUT_FILE_0}\"\n";
			showEnvVarsInLog = 0;
		};
		CE54DA7F312BFB2D2B08FF51 /* [CP] Embed Pods Frameworks */ = {
			isa = PBXShellScriptBuildPhase;
			buildActionMask = 2147483647;
			files = (
			);
			inputFileListPaths = (
				"${PODS_ROOT}/Target Support Files/Pods-DateInfo/Pods-DateInfo-frameworks-${CONFIGURATION}-input-files.xcfilelist",
			);
			name = "[CP] Embed Pods Frameworks";
			outputFileListPaths = (
				"${PODS_ROOT}/Target Support Files/Pods-DateInfo/Pods-DateInfo-frameworks-${CONFIGURATION}-output-files.xcfilelist",
			);
			runOnlyForDeploymentPostprocessing = 0;
			shellPath = /bin/sh;
			shellScript = "\"${PODS_ROOT}/Target Support Files/Pods-DateInfo/Pods-DateInfo-frameworks.sh\"\n";
			showEnvVarsInLog = 0;
		};
/* End PBXShellScriptBuildPhase section */

/* Begin PBXSourcesBuildPhase section */
		0A38B8E2222BAA1100ADD2A2 /* Sources */ = {
			isa = PBXSourcesBuildPhase;
			buildActionMask = 2147483647;
			files = (
				0A38B8EE222BAA1100ADD2A2 /* RootViewController.m in Sources */,
				0A8A678D2233EB12001D270B /* NSDate+Reporting.m in Sources */,
				0A05AFA424E6B1BE008E3275 /* XMDataManager.mm in Sources */,
				0A5218CB224E523100256157 /* ShouWenzhanViewController.m in Sources */,
				0AFB36032230172F001DD940 /* LanguageManger.m in Sources */,
				0A8A93B1225077530007A1C3 /* StarsOverlay.swift in Sources */,
				0ABC48E0223530F600799B4A /* RijiCell.m in Sources */,
				0AD204482247C17A0064F4E8 /* HexColor.m in Sources */,
				0A8A9398224F5E130007A1C3 /* LaunchImageView.m in Sources */,
				0AD204332247BE780064F4E8 /* TSBlurView.m in Sources */,
				0A05AFA724E6B250008E3275 /* NSDate+Extension.m in Sources */,
				0AFB36012230172F001DD940 /* RiJiModel.mm in Sources */,
				0AD204322247BE780064F4E8 /* TSMessageView.m in Sources */,
				0A8A939B224F8BE80007A1C3 /* AboutViewController.m in Sources */,
				0A8A678C2233EB12001D270B /* NSDate+CupertinoYankee.m in Sources */,
				0AD2045022491E360064F4E8 /* RijiManager.m in Sources */,
				0A8A9394224F5C5C0007A1C3 /* WenzhanManager.m in Sources */,
				0A8A67892233EB12001D270B /* NSDate+Utilities.m in Sources */,
				0AD20456224A63CC0064F4E8 /* MRJCalendarWeekdayView.m in Sources */,
				0ACCD7C32247AE3600CC7E0D /* LunarFormatter.m in Sources */,
				0AFB36062233B28A001DD940 /* EditViewController.m in Sources */,
				0A38B8F9222BAA1200ADD2A2 /* main.m in Sources */,
				0A8A93A1224F90520007A1C3 /* BtnColumnView.m in Sources */,
				0A8A93AA22505AA50007A1C3 /* RijiSectionView.m in Sources */,
				0A8A93B422508A7A0007A1C3 /* BaseViewController.m in Sources */,
				0A8A678B2233EB12001D270B /* NSDate+Extension.m in Sources */,
				0ACCD7C62247B3C900CC7E0D /* BaseNavViewController.m in Sources */,
				0ACCD7CE2247B41100CC7E0D /* ParallaxHeaderView.m in Sources */,
				0ADC844B223525A400A18C8C /* TestViewController.m in Sources */,
				0AFB36022230172F001DD940 /* FileManager.m in Sources */,
				0A38B8EB222BAA1100ADD2A2 /* AppDelegate.m in Sources */,
				0AD2044D22491DAD0064F4E8 /* RijiYearViewController.m in Sources */,
				0AD204342247BE780064F4E8 /* TSMessage.m in Sources */,
				0ACCD7CF2247B41100CC7E0D /* UIImage+ImageEffects.m in Sources */,
				0A8A93A7224FBDE90007A1C3 /* RijiDetailViewController.m in Sources */,
				0ACCD7D02247B41100CC7E0D /* SetViewController.m in Sources */,
				0A8A939E224F8FA50007A1C3 /* JumpDateView.m in Sources */,
				0A8A93A4224FAAF60007A1C3 /* ImageCell.m in Sources */,
				0A8A678A2233EB12001D270B /* NSDate+Formatter.m in Sources */,
				0A8A678E2233EB12001D270B /* NSDate+InternetDateTime.m in Sources */,
				0A8A679122340ACB001D270B /* ShowRijiViewController.m in Sources */,
			);
			runOnlyForDeploymentPostprocessing = 0;
		};
		0A38B8FA222BAA1300ADD2A2 /* Sources */ = {
			isa = PBXSourcesBuildPhase;
			buildActionMask = 2147483647;
			files = (
				0A38B903222BAA1300ADD2A2 /* DateInfoTests.m in Sources */,
			);
			runOnlyForDeploymentPostprocessing = 0;
		};
		0A9341CA2256480600AC48FF /* Sources */ = {
			isa = PBXSourcesBuildPhase;
			buildActionMask = 2147483647;
			files = (
				0A9341E5225650C200AC48FF /* NSDate+Extension.m in Sources */,
				0A9341E9225650FF00AC48FF /* NSDate+Reporting.m in Sources */,
				0A9341D42256480600AC48FF /* TodayViewController.m in Sources */,
				0A9341EC2256511A00AC48FF /* NSDate+Reporting.m in Sources */,
				0A9341E8225650E100AC48FF /* NSDate+Extension.m in Sources */,
			);
			runOnlyForDeploymentPostprocessing = 0;
		};
/* End PBXSourcesBuildPhase section */

/* Begin PBXTargetDependency section */
		0A38B900222BAA1300ADD2A2 /* PBXTargetDependency */ = {
			isa = PBXTargetDependency;
			target = 0A38B8E5222BAA1100ADD2A2 /* DateInfo */;
			targetProxy = 0A38B8FF222BAA1300ADD2A2 /* PBXContainerItemProxy */;
		};
		0A9341DA2256480600AC48FF /* PBXTargetDependency */ = {
			isa = PBXTargetDependency;
			target = 0A9341CD2256480600AC48FF /* DateToday */;
			targetProxy = 0A9341D92256480600AC48FF /* PBXContainerItemProxy */;
		};
/* End PBXTargetDependency section */

/* Begin PBXVariantGroup section */
		0A38B8F4222BAA1200ADD2A2 /* LaunchScreen.storyboard */ = {
			isa = PBXVariantGroup;
			children = (
				0A38B8F5222BAA1200ADD2A2 /* Base */,
			);
			name = LaunchScreen.storyboard;
			sourceTree = "<group>";
		};
/* End PBXVariantGroup section */

/* Begin XCBuildConfiguration section */
		0A38B905222BAA1300ADD2A2 /* Debug */ = {
			isa = XCBuildConfiguration;
			buildSettings = {
				ALWAYS_SEARCH_USER_PATHS = NO;
				CLANG_ANALYZER_NONNULL = YES;
				CLANG_ANALYZER_NUMBER_OBJECT_CONVERSION = YES_AGGRESSIVE;
				CLANG_CXX_LANGUAGE_STANDARD = "gnu++14";
				CLANG_CXX_LIBRARY = "libc++";
				CLANG_ENABLE_MODULES = YES;
				CLANG_ENABLE_OBJC_ARC = YES;
				CLANG_ENABLE_OBJC_WEAK = YES;
				CLANG_WARN_BLOCK_CAPTURE_AUTORELEASING = YES;
				CLANG_WARN_BOOL_CONVERSION = YES;
				CLANG_WARN_COMMA = YES;
				CLANG_WARN_CONSTANT_CONVERSION = YES;
				CLANG_WARN_DEPRECATED_OBJC_IMPLEMENTATIONS = YES;
				CLANG_WARN_DIRECT_OBJC_ISA_USAGE = YES_ERROR;
				CLANG_WARN_DOCUMENTATION_COMMENTS = YES;
				CLANG_WARN_EMPTY_BODY = YES;
				CLANG_WARN_ENUM_CONVERSION = YES;
				CLANG_WARN_INFINITE_RECURSION = YES;
				CLANG_WARN_INT_CONVERSION = YES;
				CLANG_WARN_NON_LITERAL_NULL_CONVERSION = YES;
				CLANG_WARN_OBJC_IMPLICIT_RETAIN_SELF = YES;
				CLANG_WARN_OBJC_LITERAL_CONVERSION = YES;
				CLANG_WARN_OBJC_ROOT_CLASS = YES_ERROR;
				CLANG_WARN_RANGE_LOOP_ANALYSIS = YES;
				CLANG_WARN_STRICT_PROTOTYPES = YES;
				CLANG_WARN_SUSPICIOUS_MOVE = YES;
				CLANG_WARN_UNGUARDED_AVAILABILITY = YES_AGGRESSIVE;
				CLANG_WARN_UNREACHABLE_CODE = YES;
				CLANG_WARN__DUPLICATE_METHOD_MATCH = YES;
				CODE_SIGN_IDENTITY = "iPhone Developer";
				COPY_PHASE_STRIP = NO;
				DEBUG_INFORMATION_FORMAT = dwarf;
				ENABLE_STRICT_OBJC_MSGSEND = YES;
				ENABLE_TESTABILITY = YES;
				GCC_C_LANGUAGE_STANDARD = gnu11;
				GCC_DYNAMIC_NO_PIC = NO;
				GCC_NO_COMMON_BLOCKS = YES;
				GCC_OPTIMIZATION_LEVEL = 0;
				GCC_PREPROCESSOR_DEFINITIONS = (
					"DEBUG=1",
					"$(inherited)",
				);
				GCC_WARN_64_TO_32_BIT_CONVERSION = YES;
				GCC_WARN_ABOUT_RETURN_TYPE = YES_ERROR;
				GCC_WARN_UNDECLARED_SELECTOR = YES;
				GCC_WARN_UNINITIALIZED_AUTOS = YES_AGGRESSIVE;
				GCC_WARN_UNUSED_FUNCTION = YES;
				GCC_WARN_UNUSED_VARIABLE = YES;
				IPHONEOS_DEPLOYMENT_TARGET = 9.0;
				MTL_ENABLE_DEBUG_INFO = INCLUDE_SOURCE;
				MTL_FAST_MATH = YES;
				ONLY_ACTIVE_ARCH = YES;
				SDKROOT = iphoneos;
			};
			name = Debug;
		};
		0A38B906222BAA1300ADD2A2 /* Release */ = {
			isa = XCBuildConfiguration;
			buildSettings = {
				ALWAYS_SEARCH_USER_PATHS = NO;
				CLANG_ANALYZER_NONNULL = YES;
				CLANG_ANALYZER_NUMBER_OBJECT_CONVERSION = YES_AGGRESSIVE;
				CLANG_CXX_LANGUAGE_STANDARD = "gnu++14";
				CLANG_CXX_LIBRARY = "libc++";
				CLANG_ENABLE_MODULES = YES;
				CLANG_ENABLE_OBJC_ARC = YES;
				CLANG_ENABLE_OBJC_WEAK = YES;
				CLANG_WARN_BLOCK_CAPTURE_AUTORELEASING = YES;
				CLANG_WARN_BOOL_CONVERSION = YES;
				CLANG_WARN_COMMA = YES;
				CLANG_WARN_CONSTANT_CONVERSION = YES;
				CLANG_WARN_DEPRECATED_OBJC_IMPLEMENTATIONS = YES;
				CLANG_WARN_DIRECT_OBJC_ISA_USAGE = YES_ERROR;
				CLANG_WARN_DOCUMENTATION_COMMENTS = YES;
				CLANG_WARN_EMPTY_BODY = YES;
				CLANG_WARN_ENUM_CONVERSION = YES;
				CLANG_WARN_INFINITE_RECURSION = YES;
				CLANG_WARN_INT_CONVERSION = YES;
				CLANG_WARN_NON_LITERAL_NULL_CONVERSION = YES;
				CLANG_WARN_OBJC_IMPLICIT_RETAIN_SELF = YES;
				CLANG_WARN_OBJC_LITERAL_CONVERSION = YES;
				CLANG_WARN_OBJC_ROOT_CLASS = YES_ERROR;
				CLANG_WARN_RANGE_LOOP_ANALYSIS = YES;
				CLANG_WARN_STRICT_PROTOTYPES = YES;
				CLANG_WARN_SUSPICIOUS_MOVE = YES;
				CLANG_WARN_UNGUARDED_AVAILABILITY = YES_AGGRESSIVE;
				CLANG_WARN_UNREACHABLE_CODE = YES;
				CLANG_WARN__DUPLICATE_METHOD_MATCH = YES;
				CODE_SIGN_IDENTITY = "iPhone Developer";
				COPY_PHASE_STRIP = NO;
				DEBUG_INFORMATION_FORMAT = "dwarf-with-dsym";
				ENABLE_NS_ASSERTIONS = NO;
				ENABLE_STRICT_OBJC_MSGSEND = YES;
				GCC_C_LANGUAGE_STANDARD = gnu11;
				GCC_NO_COMMON_BLOCKS = YES;
				GCC_WARN_64_TO_32_BIT_CONVERSION = YES;
				GCC_WARN_ABOUT_RETURN_TYPE = YES_ERROR;
				GCC_WARN_UNDECLARED_SELECTOR = YES;
				GCC_WARN_UNINITIALIZED_AUTOS = YES_AGGRESSIVE;
				GCC_WARN_UNUSED_FUNCTION = YES;
				GCC_WARN_UNUSED_VARIABLE = YES;
				IPHONEOS_DEPLOYMENT_TARGET = 9.0;
				MTL_ENABLE_DEBUG_INFO = NO;
				MTL_FAST_MATH = YES;
				SDKROOT = iphoneos;
				VALIDATE_PRODUCT = YES;
			};
			name = Release;
		};
		0A38B908222BAA1300ADD2A2 /* Debug */ = {
			isa = XCBuildConfiguration;
			baseConfigurationReference = A6C04EFD44FAD3BCA420F761 /* Pods-DateInfo.debug.xcconfig */;
			buildSettings = {
				ASSETCATALOG_COMPILER_APPICON_NAME = AppIcon;
				CLANG_ENABLE_MODULES = YES;
				CODE_SIGN_ENTITLEMENTS = "DateInfo/七日.entitlements";
				CODE_SIGN_STYLE = Automatic;
				CURRENT_PROJECT_VERSION = 1.1.3;
				DEVELOPMENT_TEAM = S2L4BYS6LP;
				GCC_PREFIX_HEADER = /Users/mrj/Desktop/Project/DateInfo/DateInfo/Header.pch;
				HEADER_SEARCH_PATHS = (
					"$(inherited)",
					"\"${PODS_CONFIGURATION_BUILD_DIR}/CYLTabBarController/CYLTabBarController.framework/Headers\"",
					"\"${PODS_CONFIGURATION_BUILD_DIR}/ChameleonFramework/ChameleonFramework.framework/Headers\"",
					"\"${PODS_CONFIGURATION_BUILD_DIR}/DACircularProgress/DACircularProgress.framework/Headers\"",
					"\"${PODS_CONFIGURATION_BUILD_DIR}/FSCalendar/FSCalendar.framework/Headers\"",
					"\"${PODS_CONFIGURATION_BUILD_DIR}/IQKeyboardManager/IQKeyboardManager.framework/Headers\"",
					"\"${PODS_CONFIGURATION_BUILD_DIR}/LEETheme/LEETheme.framework/Headers\"",
					"\"${PODS_CONFIGURATION_BUILD_DIR}/MBProgressHUD/MBProgressHUD.framework/Headers\"",
					"\"${PODS_CONFIGURATION_BUILD_DIR}/MJRefresh/MJRefresh.framework/Headers\"",
					"\"${PODS_CONFIGURATION_BUILD_DIR}/MWPhotoBrowser/MWPhotoBrowser.framework/Headers\"",
					"\"${PODS_CONFIGURATION_BUILD_DIR}/Masonry/Masonry.framework/Headers\"",
					"\"${PODS_CONFIGURATION_BUILD_DIR}/SDWebImage/SDWebImage.framework/Headers\"",
					"\"${PODS_CONFIGURATION_BUILD_DIR}/TZImagePickerController/TZImagePickerController.framework/Headers\"",
					"\"${PODS_CONFIGURATION_BUILD_DIR}/YYCache/YYCache.framework/Headers\"",
					"\"${PODS_CONFIGURATION_BUILD_DIR}/YYCategories/YYCategories.framework/Headers\"",
					"\"${PODS_CONFIGURATION_BUILD_DIR}/YYImage/YYImage.framework/Headers\"",
					"\"${PODS_CONFIGURATION_BUILD_DIR}/YYModel/YYModel.framework/Headers\"",
					"\"${PODS_CONFIGURATION_BUILD_DIR}/YYText/YYText.framework/Headers\"/**",
					"\"${PODS_CONFIGURATION_BUILD_DIR}/YYWebImage/YYWebImage.framework/Headers\"",
				);
				INFOPLIST_FILE = DateInfo/Info.plist;
				IPHONEOS_DEPLOYMENT_TARGET = 9.0;
				LD_RUNPATH_SEARCH_PATHS = (
					"$(inherited)",
					"@executable_path/Frameworks",
				);
				MARKETING_VERSION = 1.0.0;
				PRODUCT_BUNDLE_IDENTIFIER = com.mrj.qidate;
				PRODUCT_NAME = "七日";
				SWIFT_OBJC_BRIDGING_HEADER = "DateInfo/LaunchImage/DateInfo-Bridging-Header.h";
				SWIFT_OBJC_INTERFACE_HEADER_NAME = "DateInfo-Swift.h";
				SWIFT_OPTIMIZATION_LEVEL = "-Onone";
				SWIFT_VERSION = 4.0;
				TARGETED_DEVICE_FAMILY = "1,2";
				USER_HEADER_SEARCH_PATHS = "$(PODS_ROOT)";
			};
			name = Debug;
		};
		0A38B909222BAA1300ADD2A2 /* Release */ = {
			isa = XCBuildConfiguration;
			baseConfigurationReference = F0BB700E4E665E3E8AC92E33 /* Pods-DateInfo.release.xcconfig */;
			buildSettings = {
				ASSETCATALOG_COMPILER_APPICON_NAME = AppIcon;
				CLANG_ENABLE_MODULES = YES;
				CODE_SIGN_ENTITLEMENTS = "DateInfo/七日.entitlements";
				CODE_SIGN_STYLE = Automatic;
				CURRENT_PROJECT_VERSION = 1.1.3;
				DEVELOPMENT_TEAM = S2L4BYS6LP;
				GCC_PREFIX_HEADER = /Users/mrj/Desktop/Project/DateInfo/DateInfo/Header.pch;
				INFOPLIST_FILE = DateInfo/Info.plist;
				IPHONEOS_DEPLOYMENT_TARGET = 9.0;
				LD_RUNPATH_SEARCH_PATHS = (
					"$(inherited)",
					"@executable_path/Frameworks",
				);
				MARKETING_VERSION = 1.0.0;
				PRODUCT_BUNDLE_IDENTIFIER = com.mrj.qidate;
				PRODUCT_NAME = "七日";
				SWIFT_OBJC_BRIDGING_HEADER = "DateInfo/LaunchImage/DateInfo-Bridging-Header.h";
				SWIFT_OBJC_INTERFACE_HEADER_NAME = "DateInfo-Swift.h";
				SWIFT_VERSION = 4.0;
				TARGETED_DEVICE_FAMILY = "1,2";
				USER_HEADER_SEARCH_PATHS = "$(PODS_ROOT)";
			};
			name = Release;
		};
		0A38B90B222BAA1300ADD2A2 /* Debug */ = {
			isa = XCBuildConfiguration;
			buildSettings = {
				ALWAYS_EMBED_SWIFT_STANDARD_LIBRARIES = YES;
				BUNDLE_LOADER = "$(TEST_HOST)";
				CODE_SIGN_STYLE = Automatic;
				DEVELOPMENT_TEAM = K8NGS85AAV;
				INFOPLIST_FILE = DateInfoTests/Info.plist;
				LD_RUNPATH_SEARCH_PATHS = (
					"$(inherited)",
					"@executable_path/Frameworks",
					"@loader_path/Frameworks",
				);
				PRODUCT_BUNDLE_IDENTIFIER = MRJ.DateInfoTests;
				PRODUCT_NAME = "$(TARGET_NAME)";
				TARGETED_DEVICE_FAMILY = "1,2";
				TEST_HOST = "$(BUILT_PRODUCTS_DIR)/DateInfo.app/DateInfo";
			};
			name = Debug;
		};
		0A38B90C222BAA1300ADD2A2 /* Release */ = {
			isa = XCBuildConfiguration;
			buildSettings = {
				ALWAYS_EMBED_SWIFT_STANDARD_LIBRARIES = YES;
				BUNDLE_LOADER = "$(TEST_HOST)";
				CODE_SIGN_STYLE = Automatic;
				DEVELOPMENT_TEAM = K8NGS85AAV;
				INFOPLIST_FILE = DateInfoTests/Info.plist;
				LD_RUNPATH_SEARCH_PATHS = (
					"$(inherited)",
					"@executable_path/Frameworks",
					"@loader_path/Frameworks",
				);
				PRODUCT_BUNDLE_IDENTIFIER = MRJ.DateInfoTests;
				PRODUCT_NAME = "$(TARGET_NAME)";
				TARGETED_DEVICE_FAMILY = "1,2";
				TEST_HOST = "$(BUILT_PRODUCTS_DIR)/DateInfo.app/DateInfo";
			};
			name = Release;
		};
		0A9341DC2256480600AC48FF /* Debug */ = {
			isa = XCBuildConfiguration;
			baseConfigurationReference = 5B56D4DFF79CAC75F19AF577 /* Pods-DateToday.debug.xcconfig */;
			buildSettings = {
				CODE_SIGN_STYLE = Automatic;
				DEVELOPMENT_TEAM = S2L4BYS6LP;
				INFOPLIST_FILE = DateToday/Info.plist;
				IPHONEOS_DEPLOYMENT_TARGET = 9.0;
				LD_RUNPATH_SEARCH_PATHS = (
					"$(inherited)",
					"@executable_path/Frameworks",
					"@executable_path/../../Frameworks",
				);
				PRODUCT_BUNDLE_IDENTIFIER = com.mrj.qidate.w;
				PRODUCT_NAME = "$(TARGET_NAME)";
				SKIP_INSTALL = YES;
				TARGETED_DEVICE_FAMILY = "1,2";
			};
			name = Debug;
		};
		0A9341DD2256480600AC48FF /* Release */ = {
			isa = XCBuildConfiguration;
			baseConfigurationReference = 8F19D27B618991C611C796EA /* Pods-DateToday.release.xcconfig */;
			buildSettings = {
				CODE_SIGN_STYLE = Automatic;
				DEVELOPMENT_TEAM = S2L4BYS6LP;
				INFOPLIST_FILE = DateToday/Info.plist;
				IPHONEOS_DEPLOYMENT_TARGET = 9.0;
				LD_RUNPATH_SEARCH_PATHS = (
					"$(inherited)",
					"@executable_path/Frameworks",
					"@executable_path/../../Frameworks",
				);
				PRODUCT_BUNDLE_IDENTIFIER = com.mrj.qidate.w;
				PRODUCT_NAME = "$(TARGET_NAME)";
				SKIP_INSTALL = YES;
				TARGETED_DEVICE_FAMILY = "1,2";
			};
			name = Release;
		};
/* End XCBuildConfiguration section */

/* Begin XCConfigurationList section */
		0A38B8E1222BAA1100ADD2A2 /* Build configuration list for PBXProject "DateInfo" */ = {
			isa = XCConfigurationList;
			buildConfigurations = (
				0A38B905222BAA1300ADD2A2 /* Debug */,
				0A38B906222BAA1300ADD2A2 /* Release */,
			);
			defaultConfigurationIsVisible = 0;
			defaultConfigurationName = Release;
		};
		0A38B907222BAA1300ADD2A2 /* Build configuration list for PBXNativeTarget "DateInfo" */ = {
			isa = XCConfigurationList;
			buildConfigurations = (
				0A38B908222BAA1300ADD2A2 /* Debug */,
				0A38B909222BAA1300ADD2A2 /* Release */,
			);
			defaultConfigurationIsVisible = 0;
			defaultConfigurationName = Release;
		};
		0A38B90A222BAA1300ADD2A2 /* Build configuration list for PBXNativeTarget "DateInfoTests" */ = {
			isa = XCConfigurationList;
			buildConfigurations = (
				0A38B90B222BAA1300ADD2A2 /* Debug */,
				0A38B90C222BAA1300ADD2A2 /* Release */,
			);
			defaultConfigurationIsVisible = 0;
			defaultConfigurationName = Release;
		};
		0A9341DE2256480600AC48FF /* Build configuration list for PBXNativeTarget "DateToday" */ = {
			isa = XCConfigurationList;
			buildConfigurations = (
				0A9341DC2256480600AC48FF /* Debug */,
				0A9341DD2256480600AC48FF /* Release */,
			);
			defaultConfigurationIsVisible = 0;
			defaultConfigurationName = Release;
		};
/* End XCConfigurationList section */
	};
	rootObject = 0A38B8DE222BAA1100ADD2A2 /* Project object */;
}
